// !$*UTF8*$!
{
	archiveVersion = 1;
	classes = {
	};
	objectVersion = 56;
	objects = {

/* Begin PBXBuildFile section */
		6D0604752A5B076B00B81D38 /* IMDBSearch.docc in Sources */ = {isa = PBXBuildFile; fileRef = 6D0604742A5B076B00B81D38 /* IMDBSearch.docc */; };
		6D06047B2A5B076B00B81D38 /* IMDBSearch.framework in Frameworks */ = {isa = PBXBuildFile; fileRef = 6D0604702A5B076B00B81D38 /* IMDBSearch.framework */; };
		6D0604802A5B076B00B81D38 /* IMDBSearchTests.swift in Sources */ = {isa = PBXBuildFile; fileRef = 6D06047F2A5B076B00B81D38 /* IMDBSearchTests.swift */; };
		6D0604812A5B076B00B81D38 /* IMDBSearch.h in Headers */ = {isa = PBXBuildFile; fileRef = 6D0604732A5B076B00B81D38 /* IMDBSearch.h */; settings = {ATTRIBUTES = (Public, ); }; };
		6D0604952A5B079900B81D38 /* IMDBSearchAppApp.swift in Sources */ = {isa = PBXBuildFile; fileRef = 6D0604942A5B079900B81D38 /* IMDBSearchAppApp.swift */; };
		6D0604972A5B079900B81D38 /* ContentView.swift in Sources */ = {isa = PBXBuildFile; fileRef = 6D0604962A5B079900B81D38 /* ContentView.swift */; };
		6D0604992A5B079C00B81D38 /* Assets.xcassets in Resources */ = {isa = PBXBuildFile; fileRef = 6D0604982A5B079C00B81D38 /* Assets.xcassets */; };
		6D06049C2A5B079C00B81D38 /* Preview Assets.xcassets in Resources */ = {isa = PBXBuildFile; fileRef = 6D06049B2A5B079C00B81D38 /* Preview Assets.xcassets */; };
		6D0604A62A5B079C00B81D38 /* IMDBSearchAppTests.swift in Sources */ = {isa = PBXBuildFile; fileRef = 6D0604A52A5B079C00B81D38 /* IMDBSearchAppTests.swift */; };
		6D0604B02A5B079C00B81D38 /* IMDBSearchAppUITests.swift in Sources */ = {isa = PBXBuildFile; fileRef = 6D0604AF2A5B079C00B81D38 /* IMDBSearchAppUITests.swift */; };
		6D0604B22A5B079C00B81D38 /* IMDBSearchAppUITestsLaunchTests.swift in Sources */ = {isa = PBXBuildFile; fileRef = 6D0604B12A5B079C00B81D38 /* IMDBSearchAppUITestsLaunchTests.swift */; };
		6D0604BD2A5B07A800B81D38 /* IMDBSearch.framework in Frameworks */ = {isa = PBXBuildFile; fileRef = 6D0604702A5B076B00B81D38 /* IMDBSearch.framework */; };
/* End PBXBuildFile section */

/* Begin PBXContainerItemProxy section */
		6D06047C2A5B076B00B81D38 /* PBXContainerItemProxy */ = {
			isa = PBXContainerItemProxy;
			containerPortal = 6D0604672A5B076B00B81D38 /* Project object */;
			proxyType = 1;
			remoteGlobalIDString = 6D06046F2A5B076B00B81D38;
			remoteInfo = IMDBSearch;
		};
		6D0604A22A5B079C00B81D38 /* PBXContainerItemProxy */ = {
			isa = PBXContainerItemProxy;
			containerPortal = 6D0604672A5B076B00B81D38 /* Project object */;
			proxyType = 1;
			remoteGlobalIDString = 6D0604912A5B079900B81D38;
			remoteInfo = IMDBSearchApp;
		};
		6D0604AC2A5B079C00B81D38 /* PBXContainerItemProxy */ = {
			isa = PBXContainerItemProxy;
			containerPortal = 6D0604672A5B076B00B81D38 /* Project object */;
			proxyType = 1;
			remoteGlobalIDString = 6D0604912A5B079900B81D38;
			remoteInfo = IMDBSearchApp;
		};
		6D0604BF2A5B07A800B81D38 /* PBXContainerItemProxy */ = {
			isa = PBXContainerItemProxy;
			containerPortal = 6D0604672A5B076B00B81D38 /* Project object */;
			proxyType = 1;
			remoteGlobalIDString = 6D06046F2A5B076B00B81D38;
			remoteInfo = IMDBSearch;
		};
/* End PBXContainerItemProxy section */

/* Begin PBXFileReference section */
		6D0604702A5B076B00B81D38 /* IMDBSearch.framework */ = {isa = PBXFileReference; explicitFileType = wrapper.framework; includeInIndex = 0; path = IMDBSearch.framework; sourceTree = BUILT_PRODUCTS_DIR; };
		6D0604732A5B076B00B81D38 /* IMDBSearch.h */ = {isa = PBXFileReference; lastKnownFileType = sourcecode.c.h; path = IMDBSearch.h; sourceTree = "<group>"; };
		6D0604742A5B076B00B81D38 /* IMDBSearch.docc */ = {isa = PBXFileReference; lastKnownFileType = folder.documentationcatalog; path = IMDBSearch.docc; sourceTree = "<group>"; };
		6D06047A2A5B076B00B81D38 /* IMDBSearchTests.xctest */ = {isa = PBXFileReference; explicitFileType = wrapper.cfbundle; includeInIndex = 0; path = IMDBSearchTests.xctest; sourceTree = BUILT_PRODUCTS_DIR; };
		6D06047F2A5B076B00B81D38 /* IMDBSearchTests.swift */ = {isa = PBXFileReference; lastKnownFileType = sourcecode.swift; path = IMDBSearchTests.swift; sourceTree = "<group>"; };
		6D0604922A5B079900B81D38 /* IMDBSearchApp.app */ = {isa = PBXFileReference; explicitFileType = wrapper.application; includeInIndex = 0; path = IMDBSearchApp.app; sourceTree = BUILT_PRODUCTS_DIR; };
		6D0604942A5B079900B81D38 /* IMDBSearchAppApp.swift */ = {isa = PBXFileReference; lastKnownFileType = sourcecode.swift; path = IMDBSearchAppApp.swift; sourceTree = "<group>"; };
		6D0604962A5B079900B81D38 /* ContentView.swift */ = {isa = PBXFileReference; lastKnownFileType = sourcecode.swift; path = ContentView.swift; sourceTree = "<group>"; };
		6D0604982A5B079C00B81D38 /* Assets.xcassets */ = {isa = PBXFileReference; lastKnownFileType = folder.assetcatalog; path = Assets.xcassets; sourceTree = "<group>"; };
		6D06049B2A5B079C00B81D38 /* Preview Assets.xcassets */ = {isa = PBXFileReference; lastKnownFileType = folder.assetcatalog; path = "Preview Assets.xcassets"; sourceTree = "<group>"; };
		6D0604A12A5B079C00B81D38 /* IMDBSearchAppTests.xctest */ = {isa = PBXFileReference; explicitFileType = wrapper.cfbundle; includeInIndex = 0; path = IMDBSearchAppTests.xctest; sourceTree = BUILT_PRODUCTS_DIR; };
		6D0604A52A5B079C00B81D38 /* IMDBSearchAppTests.swift */ = {isa = PBXFileReference; lastKnownFileType = sourcecode.swift; path = IMDBSearchAppTests.swift; sourceTree = "<group>"; };
		6D0604AB2A5B079C00B81D38 /* IMDBSearchAppUITests.xctest */ = {isa = PBXFileReference; explicitFileType = wrapper.cfbundle; includeInIndex = 0; path = IMDBSearchAppUITests.xctest; sourceTree = BUILT_PRODUCTS_DIR; };
		6D0604AF2A5B079C00B81D38 /* IMDBSearchAppUITests.swift */ = {isa = PBXFileReference; lastKnownFileType = sourcecode.swift; path = IMDBSearchAppUITests.swift; sourceTree = "<group>"; };
		6D0604B12A5B079C00B81D38 /* IMDBSearchAppUITestsLaunchTests.swift */ = {isa = PBXFileReference; lastKnownFileType = sourcecode.swift; path = IMDBSearchAppUITestsLaunchTests.swift; sourceTree = "<group>"; };
/* End PBXFileReference section */

/* Begin PBXFrameworksBuildPhase section */
		6D06046D2A5B076B00B81D38 /* Frameworks */ = {
			isa = PBXFrameworksBuildPhase;
			buildActionMask = 2147483647;
			files = (
			);
			runOnlyForDeploymentPostprocessing = 0;
		};
		6D0604772A5B076B00B81D38 /* Frameworks */ = {
			isa = PBXFrameworksBuildPhase;
			buildActionMask = 2147483647;
			files = (
				6D06047B2A5B076B00B81D38 /* IMDBSearch.framework in Frameworks */,
			);
			runOnlyForDeploymentPostprocessing = 0;
		};
		6D06048F2A5B079900B81D38 /* Frameworks */ = {
			isa = PBXFrameworksBuildPhase;
			buildActionMask = 2147483647;
			files = (
				6D0604BD2A5B07A800B81D38 /* IMDBSearch.framework in Frameworks */,
			);
			runOnlyForDeploymentPostprocessing = 0;
		};
		6D06049E2A5B079C00B81D38 /* Frameworks */ = {
			isa = PBXFrameworksBuildPhase;
			buildActionMask = 2147483647;
			files = (
			);
			runOnlyForDeploymentPostprocessing = 0;
		};
		6D0604A82A5B079C00B81D38 /* Frameworks */ = {
			isa = PBXFrameworksBuildPhase;
			buildActionMask = 2147483647;
			files = (
			);
			runOnlyForDeploymentPostprocessing = 0;
		};
/* End PBXFrameworksBuildPhase section */

/* Begin PBXGroup section */
		6D0604662A5B076B00B81D38 = {
			isa = PBXGroup;
			children = (
				6D0604722A5B076B00B81D38 /* IMDBSearch */,
				6D06047E2A5B076B00B81D38 /* IMDBSearchTests */,
				6D0604932A5B079900B81D38 /* IMDBSearchApp */,
				6D0604A42A5B079C00B81D38 /* IMDBSearchAppTests */,
				6D0604AE2A5B079C00B81D38 /* IMDBSearchAppUITests */,
				6D0604712A5B076B00B81D38 /* Products */,
				6D0604BC2A5B07A800B81D38 /* Frameworks */,
			);
			sourceTree = "<group>";
		};
		6D0604712A5B076B00B81D38 /* Products */ = {
			isa = PBXGroup;
			children = (
				6D0604702A5B076B00B81D38 /* IMDBSearch.framework */,
				6D06047A2A5B076B00B81D38 /* IMDBSearchTests.xctest */,
				6D0604922A5B079900B81D38 /* IMDBSearchApp.app */,
				6D0604A12A5B079C00B81D38 /* IMDBSearchAppTests.xctest */,
				6D0604AB2A5B079C00B81D38 /* IMDBSearchAppUITests.xctest */,
			);
			name = Products;
			sourceTree = "<group>";
		};
		6D0604722A5B076B00B81D38 /* IMDBSearch */ = {
			isa = PBXGroup;
			children = (
				6D0604732A5B076B00B81D38 /* IMDBSearch.h */,
				6D0604742A5B076B00B81D38 /* IMDBSearch.docc */,
			);
			path = IMDBSearch;
			sourceTree = "<group>";
		};
		6D06047E2A5B076B00B81D38 /* IMDBSearchTests */ = {
			isa = PBXGroup;
			children = (
				6D06047F2A5B076B00B81D38 /* IMDBSearchTests.swift */,
			);
			path = IMDBSearchTests;
			sourceTree = "<group>";
		};
		6D0604932A5B079900B81D38 /* IMDBSearchApp */ = {
			isa = PBXGroup;
			children = (
				6D0604942A5B079900B81D38 /* IMDBSearchAppApp.swift */,
				6D0604962A5B079900B81D38 /* ContentView.swift */,
				6D0604982A5B079C00B81D38 /* Assets.xcassets */,
				6D06049A2A5B079C00B81D38 /* Preview Content */,
			);
			path = IMDBSearchApp;
			sourceTree = "<group>";
		};
		6D06049A2A5B079C00B81D38 /* Preview Content */ = {
			isa = PBXGroup;
			children = (
				6D06049B2A5B079C00B81D38 /* Preview Assets.xcassets */,
			);
			path = "Preview Content";
			sourceTree = "<group>";
		};
		6D0604A42A5B079C00B81D38 /* IMDBSearchAppTests */ = {
			isa = PBXGroup;
			children = (
				6D0604A52A5B079C00B81D38 /* IMDBSearchAppTests.swift */,
			);
			path = IMDBSearchAppTests;
			sourceTree = "<group>";
		};
		6D0604AE2A5B079C00B81D38 /* IMDBSearchAppUITests */ = {
			isa = PBXGroup;
			children = (
				6D0604AF2A5B079C00B81D38 /* IMDBSearchAppUITests.swift */,
				6D0604B12A5B079C00B81D38 /* IMDBSearchAppUITestsLaunchTests.swift */,
			);
			path = IMDBSearchAppUITests;
			sourceTree = "<group>";
		};
		6D0604BC2A5B07A800B81D38 /* Frameworks */ = {
			isa = PBXGroup;
			children = (
			);
			name = Frameworks;
			sourceTree = "<group>";
		};
/* End PBXGroup section */

/* Begin PBXHeadersBuildPhase section */
		6D06046B2A5B076B00B81D38 /* Headers */ = {
			isa = PBXHeadersBuildPhase;
			buildActionMask = 2147483647;
			files = (
				6D0604812A5B076B00B81D38 /* IMDBSearch.h in Headers */,
			);
			runOnlyForDeploymentPostprocessing = 0;
		};
/* End PBXHeadersBuildPhase section */

/* Begin PBXNativeTarget section */
		6D06046F2A5B076B00B81D38 /* IMDBSearch */ = {
			isa = PBXNativeTarget;
			buildConfigurationList = 6D0604842A5B076B00B81D38 /* Build configuration list for PBXNativeTarget "IMDBSearch" */;
			buildPhases = (
				6D06046B2A5B076B00B81D38 /* Headers */,
				6D06046C2A5B076B00B81D38 /* Sources */,
				6D06046D2A5B076B00B81D38 /* Frameworks */,
				6D06046E2A5B076B00B81D38 /* Resources */,
			);
			buildRules = (
			);
			dependencies = (
			);
			name = IMDBSearch;
			productName = IMDBSearch;
			productReference = 6D0604702A5B076B00B81D38 /* IMDBSearch.framework */;
			productType = "com.apple.product-type.framework";
		};
		6D0604792A5B076B00B81D38 /* IMDBSearchTests */ = {
			isa = PBXNativeTarget;
			buildConfigurationList = 6D0604872A5B076B00B81D38 /* Build configuration list for PBXNativeTarget "IMDBSearchTests" */;
			buildPhases = (
				6D0604762A5B076B00B81D38 /* Sources */,
				6D0604772A5B076B00B81D38 /* Frameworks */,
				6D0604782A5B076B00B81D38 /* Resources */,
			);
			buildRules = (
			);
			dependencies = (
				6D06047D2A5B076B00B81D38 /* PBXTargetDependency */,
			);
			name = IMDBSearchTests;
			productName = IMDBSearchTests;
			productReference = 6D06047A2A5B076B00B81D38 /* IMDBSearchTests.xctest */;
			productType = "com.apple.product-type.bundle.unit-test";
		};
		6D0604912A5B079900B81D38 /* IMDBSearchApp */ = {
			isa = PBXNativeTarget;
			buildConfigurationList = 6D0604B32A5B079C00B81D38 /* Build configuration list for PBXNativeTarget "IMDBSearchApp" */;
			buildPhases = (
				6D06048E2A5B079900B81D38 /* Sources */,
				6D06048F2A5B079900B81D38 /* Frameworks */,
				6D0604902A5B079900B81D38 /* Resources */,
			);
			buildRules = (
			);
			dependencies = (
				6D0604C02A5B07A800B81D38 /* PBXTargetDependency */,
			);
			name = IMDBSearchApp;
			productName = IMDBSearchApp;
			productReference = 6D0604922A5B079900B81D38 /* IMDBSearchApp.app */;
			productType = "com.apple.product-type.application";
		};
		6D0604A02A5B079C00B81D38 /* IMDBSearchAppTests */ = {
			isa = PBXNativeTarget;
			buildConfigurationList = 6D0604B62A5B079C00B81D38 /* Build configuration list for PBXNativeTarget "IMDBSearchAppTests" */;
			buildPhases = (
				6D06049D2A5B079C00B81D38 /* Sources */,
				6D06049E2A5B079C00B81D38 /* Frameworks */,
				6D06049F2A5B079C00B81D38 /* Resources */,
			);
			buildRules = (
			);
			dependencies = (
				6D0604A32A5B079C00B81D38 /* PBXTargetDependency */,
			);
			name = IMDBSearchAppTests;
			productName = IMDBSearchAppTests;
			productReference = 6D0604A12A5B079C00B81D38 /* IMDBSearchAppTests.xctest */;
			productType = "com.apple.product-type.bundle.unit-test";
		};
		6D0604AA2A5B079C00B81D38 /* IMDBSearchAppUITests */ = {
			isa = PBXNativeTarget;
			buildConfigurationList = 6D0604B92A5B079C00B81D38 /* Build configuration list for PBXNativeTarget "IMDBSearchAppUITests" */;
			buildPhases = (
				6D0604A72A5B079C00B81D38 /* Sources */,
				6D0604A82A5B079C00B81D38 /* Frameworks */,
				6D0604A92A5B079C00B81D38 /* Resources */,
			);
			buildRules = (
			);
			dependencies = (
				6D0604AD2A5B079C00B81D38 /* PBXTargetDependency */,
			);
			name = IMDBSearchAppUITests;
			productName = IMDBSearchAppUITests;
			productReference = 6D0604AB2A5B079C00B81D38 /* IMDBSearchAppUITests.xctest */;
			productType = "com.apple.product-type.bundle.ui-testing";
		};
/* End PBXNativeTarget section */

/* Begin PBXProject section */
		6D0604672A5B076B00B81D38 /* Project object */ = {
			isa = PBXProject;
			attributes = {
				BuildIndependentTargetsInParallel = 1;
				LastSwiftUpdateCheck = 1430;
				LastUpgradeCheck = 1430;
				TargetAttributes = {
					6D06046F2A5B076B00B81D38 = {
						CreatedOnToolsVersion = 14.3.1;
					};
					6D0604792A5B076B00B81D38 = {
						CreatedOnToolsVersion = 14.3.1;
					};
					6D0604912A5B079900B81D38 = {
						CreatedOnToolsVersion = 14.3.1;
					};
					6D0604A02A5B079C00B81D38 = {
						CreatedOnToolsVersion = 14.3.1;
						TestTargetID = 6D0604912A5B079900B81D38;
					};
					6D0604AA2A5B079C00B81D38 = {
						CreatedOnToolsVersion = 14.3.1;
						TestTargetID = 6D0604912A5B079900B81D38;
					};
				};
			};
			buildConfigurationList = 6D06046A2A5B076B00B81D38 /* Build configuration list for PBXProject "IMDBSearch" */;
			compatibilityVersion = "Xcode 14.0";
			developmentRegion = en;
			hasScannedForEncodings = 0;
			knownRegions = (
				en,
				Base,
			);
			mainGroup = 6D0604662A5B076B00B81D38;
			productRefGroup = 6D0604712A5B076B00B81D38 /* Products */;
			projectDirPath = "";
			projectRoot = "";
			targets = (
				6D06046F2A5B076B00B81D38 /* IMDBSearch */,
				6D0604792A5B076B00B81D38 /* IMDBSearchTests */,
				6D0604912A5B079900B81D38 /* IMDBSearchApp */,
				6D0604A02A5B079C00B81D38 /* IMDBSearchAppTests */,
				6D0604AA2A5B079C00B81D38 /* IMDBSearchAppUITests */,
			);
		};
/* End PBXProject section */

/* Begin PBXResourcesBuildPhase section */
		6D06046E2A5B076B00B81D38 /* Resources */ = {
			isa = PBXResourcesBuildPhase;
			buildActionMask = 2147483647;
			files = (
			);
			runOnlyForDeploymentPostprocessing = 0;
		};
		6D0604782A5B076B00B81D38 /* Resources */ = {
			isa = PBXResourcesBuildPhase;
			buildActionMask = 2147483647;
			files = (
			);
			runOnlyForDeploymentPostprocessing = 0;
		};
		6D0604902A5B079900B81D38 /* Resources */ = {
			isa = PBXResourcesBuildPhase;
			buildActionMask = 2147483647;
			files = (
				6D06049C2A5B079C00B81D38 /* Preview Assets.xcassets in Resources */,
				6D0604992A5B079C00B81D38 /* Assets.xcassets in Resources */,
			);
			runOnlyForDeploymentPostprocessing = 0;
		};
		6D06049F2A5B079C00B81D38 /* Resources */ = {
			isa = PBXResourcesBuildPhase;
			buildActionMask = 2147483647;
			files = (
			);
			runOnlyForDeploymentPostprocessing = 0;
		};
		6D0604A92A5B079C00B81D38 /* Resources */ = {
			isa = PBXResourcesBuildPhase;
			buildActionMask = 2147483647;
			files = (
			);
			runOnlyForDeploymentPostprocessing = 0;
		};
/* End PBXResourcesBuildPhase section */

/* Begin PBXSourcesBuildPhase section */
		6D06046C2A5B076B00B81D38 /* Sources */ = {
			isa = PBXSourcesBuildPhase;
			buildActionMask = 2147483647;
			files = (
				6D0604752A5B076B00B81D38 /* IMDBSearch.docc in Sources */,
			);
			runOnlyForDeploymentPostprocessing = 0;
		};
		6D0604762A5B076B00B81D38 /* Sources */ = {
			isa = PBXSourcesBuildPhase;
			buildActionMask = 2147483647;
			files = (
				6D0604802A5B076B00B81D38 /* IMDBSearchTests.swift in Sources */,
			);
			runOnlyForDeploymentPostprocessing = 0;
		};
		6D06048E2A5B079900B81D38 /* Sources */ = {
			isa = PBXSourcesBuildPhase;
			buildActionMask = 2147483647;
			files = (
				6D0604972A5B079900B81D38 /* ContentView.swift in Sources */,
				6D0604952A5B079900B81D38 /* IMDBSearchAppApp.swift in Sources */,
			);
			runOnlyForDeploymentPostprocessing = 0;
		};
		6D06049D2A5B079C00B81D38 /* Sources */ = {
			isa = PBXSourcesBuildPhase;
			buildActionMask = 2147483647;
			files = (
				6D0604A62A5B079C00B81D38 /* IMDBSearchAppTests.swift in Sources */,
			);
			runOnlyForDeploymentPostprocessing = 0;
		};
		6D0604A72A5B079C00B81D38 /* Sources */ = {
			isa = PBXSourcesBuildPhase;
			buildActionMask = 2147483647;
			files = (
				6D0604B22A5B079C00B81D38 /* IMDBSearchAppUITestsLaunchTests.swift in Sources */,
				6D0604B02A5B079C00B81D38 /* IMDBSearchAppUITests.swift in Sources */,
			);
			runOnlyForDeploymentPostprocessing = 0;
		};
/* End PBXSourcesBuildPhase section */

/* Begin PBXTargetDependency section */
		6D06047D2A5B076B00B81D38 /* PBXTargetDependency */ = {
			isa = PBXTargetDependency;
			target = 6D06046F2A5B076B00B81D38 /* IMDBSearch */;
			targetProxy = 6D06047C2A5B076B00B81D38 /* PBXContainerItemProxy */;
		};
		6D0604A32A5B079C00B81D38 /* PBXTargetDependency */ = {
			isa = PBXTargetDependency;
			target = 6D0604912A5B079900B81D38 /* IMDBSearchApp */;
			targetProxy = 6D0604A22A5B079C00B81D38 /* PBXContainerItemProxy */;
		};
		6D0604AD2A5B079C00B81D38 /* PBXTargetDependency */ = {
			isa = PBXTargetDependency;
			target = 6D0604912A5B079900B81D38 /* IMDBSearchApp */;
			targetProxy = 6D0604AC2A5B079C00B81D38 /* PBXContainerItemProxy */;
		};
		6D0604C02A5B07A800B81D38 /* PBXTargetDependency */ = {
			isa = PBXTargetDependency;
			target = 6D06046F2A5B076B00B81D38 /* IMDBSearch */;
			targetProxy = 6D0604BF2A5B07A800B81D38 /* PBXContainerItemProxy */;
		};
/* End PBXTargetDependency section */

/* Begin XCBuildConfiguration section */
		6D0604822A5B076B00B81D38 /* Debug */ = {
			isa = XCBuildConfiguration;
			buildSettings = {
				ALWAYS_SEARCH_USER_PATHS = NO;
				CLANG_ANALYZER_NONNULL = YES;
				CLANG_ANALYZER_NUMBER_OBJECT_CONVERSION = YES_AGGRESSIVE;
				CLANG_CXX_LANGUAGE_STANDARD = "gnu++20";
				CLANG_ENABLE_MODULES = YES;
				CLANG_ENABLE_OBJC_ARC = YES;
				CLANG_ENABLE_OBJC_WEAK = YES;
				CLANG_WARN_BLOCK_CAPTURE_AUTORELEASING = YES;
				CLANG_WARN_BOOL_CONVERSION = YES;
				CLANG_WARN_COMMA = YES;
				CLANG_WARN_CONSTANT_CONVERSION = YES;
				CLANG_WARN_DEPRECATED_OBJC_IMPLEMENTATIONS = YES;
				CLANG_WARN_DIRECT_OBJC_ISA_USAGE = YES_ERROR;
				CLANG_WARN_DOCUMENTATION_COMMENTS = YES;
				CLANG_WARN_EMPTY_BODY = YES;
				CLANG_WARN_ENUM_CONVERSION = YES;
				CLANG_WARN_INFINITE_RECURSION = YES;
				CLANG_WARN_INT_CONVERSION = YES;
				CLANG_WARN_NON_LITERAL_NULL_CONVERSION = YES;
				CLANG_WARN_OBJC_IMPLICIT_RETAIN_SELF = YES;
				CLANG_WARN_OBJC_LITERAL_CONVERSION = YES;
				CLANG_WARN_OBJC_ROOT_CLASS = YES_ERROR;
				CLANG_WARN_QUOTED_INCLUDE_IN_FRAMEWORK_HEADER = YES;
				CLANG_WARN_RANGE_LOOP_ANALYSIS = YES;
				CLANG_WARN_STRICT_PROTOTYPES = YES;
				CLANG_WARN_SUSPICIOUS_MOVE = YES;
				CLANG_WARN_UNGUARDED_AVAILABILITY = YES_AGGRESSIVE;
				CLANG_WARN_UNREACHABLE_CODE = YES;
				CLANG_WARN__DUPLICATE_METHOD_MATCH = YES;
				COPY_PHASE_STRIP = NO;
				CURRENT_PROJECT_VERSION = 1;
				DEBUG_INFORMATION_FORMAT = dwarf;
				ENABLE_STRICT_OBJC_MSGSEND = YES;
				ENABLE_TESTABILITY = YES;
				GCC_C_LANGUAGE_STANDARD = gnu11;
				GCC_DYNAMIC_NO_PIC = NO;
				GCC_NO_COMMON_BLOCKS = YES;
				GCC_OPTIMIZATION_LEVEL = 0;
				GCC_PREPROCESSOR_DEFINITIONS = (
					"DEBUG=1",
					"$(inherited)",
				);
				GCC_WARN_64_TO_32_BIT_CONVERSION = YES;
				GCC_WARN_ABOUT_RETURN_TYPE = YES_ERROR;
				GCC_WARN_UNDECLARED_SELECTOR = YES;
				GCC_WARN_UNINITIALIZED_AUTOS = YES_AGGRESSIVE;
				GCC_WARN_UNUSED_FUNCTION = YES;
				GCC_WARN_UNUSED_VARIABLE = YES;
				IPHONEOS_DEPLOYMENT_TARGET = 16.4;
				MTL_ENABLE_DEBUG_INFO = INCLUDE_SOURCE;
				MTL_FAST_MATH = YES;
				ONLY_ACTIVE_ARCH = YES;
				SDKROOT = iphoneos;
				SWIFT_ACTIVE_COMPILATION_CONDITIONS = DEBUG;
				SWIFT_OPTIMIZATION_LEVEL = "-Onone";
				VERSIONING_SYSTEM = "apple-generic";
				VERSION_INFO_PREFIX = "";
			};
			name = Debug;
		};
		6D0604832A5B076B00B81D38 /* Release */ = {
			isa = XCBuildConfiguration;
			buildSettings = {
				ALWAYS_SEARCH_USER_PATHS = NO;
				CLANG_ANALYZER_NONNULL = YES;
				CLANG_ANALYZER_NUMBER_OBJECT_CONVERSION = YES_AGGRESSIVE;
				CLANG_CXX_LANGUAGE_STANDARD = "gnu++20";
				CLANG_ENABLE_MODULES = YES;
				CLANG_ENABLE_OBJC_ARC = YES;
				CLANG_ENABLE_OBJC_WEAK = YES;
				CLANG_WARN_BLOCK_CAPTURE_AUTORELEASING = YES;
				CLANG_WARN_BOOL_CONVERSION = YES;
				CLANG_WARN_COMMA = YES;
				CLANG_WARN_CONSTANT_CONVERSION = YES;
				CLANG_WARN_DEPRECATED_OBJC_IMPLEMENTATIONS = YES;
				CLANG_WARN_DIRECT_OBJC_ISA_USAGE = YES_ERROR;
				CLANG_WARN_DOCUMENTATION_COMMENTS = YES;
				CLANG_WARN_EMPTY_BODY = YES;
				CLANG_WARN_ENUM_CONVERSION = YES;
				CLANG_WARN_INFINITE_RECURSION = YES;
				CLANG_WARN_INT_CONVERSION = YES;
				CLANG_WARN_NON_LITERAL_NULL_CONVERSION = YES;
				CLANG_WARN_OBJC_IMPLICIT_RETAIN_SELF = YES;
				CLANG_WARN_OBJC_LITERAL_CONVERSION = YES;
				CLANG_WARN_OBJC_ROOT_CLASS = YES_ERROR;
				CLANG_WARN_QUOTED_INCLUDE_IN_FRAMEWORK_HEADER = YES;
				CLANG_WARN_RANGE_LOOP_ANALYSIS = YES;
				CLANG_WARN_STRICT_PROTOTYPES = YES;
				CLANG_WARN_SUSPICIOUS_MOVE = YES;
				CLANG_WARN_UNGUARDED_AVAILABILITY = YES_AGGRESSIVE;
				CLANG_WARN_UNREACHABLE_CODE = YES;
				CLANG_WARN__DUPLICATE_METHOD_MATCH = YES;
				COPY_PHASE_STRIP = NO;
				CURRENT_PROJECT_VERSION = 1;
				DEBUG_INFORMATION_FORMAT = "dwarf-with-dsym";
				ENABLE_NS_ASSERTIONS = NO;
				ENABLE_STRICT_OBJC_MSGSEND = YES;
				GCC_C_LANGUAGE_STANDARD = gnu11;
				GCC_NO_COMMON_BLOCKS = YES;
				GCC_WARN_64_TO_32_BIT_CONVERSION = YES;
				GCC_WARN_ABOUT_RETURN_TYPE = YES_ERROR;
				GCC_WARN_UNDECLARED_SELECTOR = YES;
				GCC_WARN_UNINITIALIZED_AUTOS = YES_AGGRESSIVE;
				GCC_WARN_UNUSED_FUNCTION = YES;
				GCC_WARN_UNUSED_VARIABLE = YES;
				IPHONEOS_DEPLOYMENT_TARGET = 16.4;
				MTL_ENABLE_DEBUG_INFO = NO;
				MTL_FAST_MATH = YES;
				SDKROOT = iphoneos;
				SWIFT_COMPILATION_MODE = wholemodule;
				SWIFT_OPTIMIZATION_LEVEL = "-O";
				VALIDATE_PRODUCT = YES;
				VERSIONING_SYSTEM = "apple-generic";
				VERSION_INFO_PREFIX = "";
			};
			name = Release;
		};
		6D0604852A5B076B00B81D38 /* Debug */ = {
			isa = XCBuildConfiguration;
			buildSettings = {
				CODE_SIGN_STYLE = Automatic;
				CURRENT_PROJECT_VERSION = 1;
				DEFINES_MODULE = YES;
				DYLIB_COMPATIBILITY_VERSION = 1;
				DYLIB_CURRENT_VERSION = 1;
				DYLIB_INSTALL_NAME_BASE = "@rpath";
				ENABLE_MODULE_VERIFIER = YES;
				GENERATE_INFOPLIST_FILE = YES;
				INFOPLIST_KEY_NSHumanReadableCopyright = "";
				INSTALL_PATH = "$(LOCAL_LIBRARY_DIR)/Frameworks";
				LD_RUNPATH_SEARCH_PATHS = (
					"$(inherited)",
					"@executable_path/Frameworks",
					"@loader_path/Frameworks",
				);
				MARKETING_VERSION = 1.0;
				MODULE_VERIFIER_SUPPORTED_LANGUAGES = "objective-c objective-c++";
				MODULE_VERIFIER_SUPPORTED_LANGUAGE_STANDARDS = "gnu11 gnu++20";
				PRODUCT_BUNDLE_IDENTIFIER = ibozkurt.IMDBSearch;
				PRODUCT_NAME = "$(TARGET_NAME:c99extidentifier)";
				SKIP_INSTALL = YES;
				SWIFT_EMIT_LOC_STRINGS = YES;
				SWIFT_VERSION = 5.0;
				TARGETED_DEVICE_FAMILY = "1,2";
			};
			name = Debug;
		};
		6D0604862A5B076B00B81D38 /* Release */ = {
			isa = XCBuildConfiguration;
			buildSettings = {
				CODE_SIGN_STYLE = Automatic;
				CURRENT_PROJECT_VERSION = 1;
				DEFINES_MODULE = YES;
				DYLIB_COMPATIBILITY_VERSION = 1;
				DYLIB_CURRENT_VERSION = 1;
				DYLIB_INSTALL_NAME_BASE = "@rpath";
				ENABLE_MODULE_VERIFIER = YES;
				GENERATE_INFOPLIST_FILE = YES;
				INFOPLIST_KEY_NSHumanReadableCopyright = "";
				INSTALL_PATH = "$(LOCAL_LIBRARY_DIR)/Frameworks";
				LD_RUNPATH_SEARCH_PATHS = (
					"$(inherited)",
					"@executable_path/Frameworks",
					"@loader_path/Frameworks",
				);
				MARKETING_VERSION = 1.0;
				MODULE_VERIFIER_SUPPORTED_LANGUAGES = "objective-c objective-c++";
				MODULE_VERIFIER_SUPPORTED_LANGUAGE_STANDARDS = "gnu11 gnu++20";
				PRODUCT_BUNDLE_IDENTIFIER = ibozkurt.IMDBSearch;
				PRODUCT_NAME = "$(TARGET_NAME:c99extidentifier)";
				SKIP_INSTALL = YES;
				SWIFT_EMIT_LOC_STRINGS = YES;
				SWIFT_VERSION = 5.0;
				TARGETED_DEVICE_FAMILY = "1,2";
			};
			name = Release;
		};
		6D0604882A5B076B00B81D38 /* Debug */ = {
			isa = XCBuildConfiguration;
			buildSettings = {
				CODE_SIGN_STYLE = Automatic;
				CURRENT_PROJECT_VERSION = 1;
				GENERATE_INFOPLIST_FILE = YES;
				MARKETING_VERSION = 1.0;
				PRODUCT_BUNDLE_IDENTIFIER = ibozkurt.IMDBSearchTests;
				PRODUCT_NAME = "$(TARGET_NAME)";
				SWIFT_EMIT_LOC_STRINGS = NO;
				SWIFT_VERSION = 5.0;
				TARGETED_DEVICE_FAMILY = "1,2";
			};
			name = Debug;
		};
		6D0604892A5B076B00B81D38 /* Release */ = {
			isa = XCBuildConfiguration;
			buildSettings = {
				CODE_SIGN_STYLE = Automatic;
				CURRENT_PROJECT_VERSION = 1;
				GENERATE_INFOPLIST_FILE = YES;
				MARKETING_VERSION = 1.0;
				PRODUCT_BUNDLE_IDENTIFIER = ibozkurt.IMDBSearchTests;
				PRODUCT_NAME = "$(TARGET_NAME)";
				SWIFT_EMIT_LOC_STRINGS = NO;
				SWIFT_VERSION = 5.0;
				TARGETED_DEVICE_FAMILY = "1,2";
			};
			name = Release;
		};
		6D0604B42A5B079C00B81D38 /* Debug */ = {
			isa = XCBuildConfiguration;
			buildSettings = {
				ASSETCATALOG_COMPILER_APPICON_NAME = AppIcon;
				ASSETCATALOG_COMPILER_GLOBAL_ACCENT_COLOR_NAME = AccentColor;
				CODE_SIGN_STYLE = Automatic;
				CURRENT_PROJECT_VERSION = 1;
				DEVELOPMENT_ASSET_PATHS = "\"IMDBSearchApp/Preview Content\"";
				ENABLE_PREVIEWS = YES;
				GENERATE_INFOPLIST_FILE = YES;
				INFOPLIST_KEY_UIApplicationSceneManifest_Generation = YES;
				INFOPLIST_KEY_UIApplicationSupportsIndirectInputEvents = YES;
				INFOPLIST_KEY_UILaunchScreen_Generation = YES;
				INFOPLIST_KEY_UISupportedInterfaceOrientations_iPad = "UIInterfaceOrientationPortrait UIInterfaceOrientationPortraitUpsideDown UIInterfaceOrientationLandscapeLeft UIInterfaceOrientationLandscapeRight";
				INFOPLIST_KEY_UISupportedInterfaceOrientations_iPhone = "UIInterfaceOrientationPortrait UIInterfaceOrientationLandscapeLeft UIInterfaceOrientationLandscapeRight";
				LD_RUNPATH_SEARCH_PATHS = (
					"$(inherited)",
					"@executable_path/Frameworks",
				);
				MARKETING_VERSION = 1.0;
				PRODUCT_BUNDLE_IDENTIFIER = ibozkurt.IMDBSearchApp;
				PRODUCT_NAME = "$(TARGET_NAME)";
				SWIFT_EMIT_LOC_STRINGS = YES;
				SWIFT_VERSION = 5.0;
				TARGETED_DEVICE_FAMILY = "1,2";
			};
			name = Debug;
		};
		6D0604B52A5B079C00B81D38 /* Release */ = {
			isa = XCBuildConfiguration;
			buildSettings = {
				ASSETCATALOG_COMPILER_APPICON_NAME = AppIcon;
				ASSETCATALOG_COMPILER_GLOBAL_ACCENT_COLOR_NAME = AccentColor;
				CODE_SIGN_STYLE = Automatic;
				CURRENT_PROJECT_VERSION = 1;
				DEVELOPMENT_ASSET_PATHS = "\"IMDBSearchApp/Preview Content\"";
				ENABLE_PREVIEWS = YES;
				GENERATE_INFOPLIST_FILE = YES;
				INFOPLIST_KEY_UIApplicationSceneManifest_Generation = YES;
				INFOPLIST_KEY_UIApplicationSupportsIndirectInputEvents = YES;
				INFOPLIST_KEY_UILaunchScreen_Generation = YES;
				INFOPLIST_KEY_UISupportedInterfaceOrientations_iPad = "UIInterfaceOrientationPortrait UIInterfaceOrientationPortraitUpsideDown UIInterfaceOrientationLandscapeLeft UIInterfaceOrientationLandscapeRight";
				INFOPLIST_KEY_UISupportedInterfaceOrientations_iPhone = "UIInterfaceOrientationPortrait UIInterfaceOrientationLandscapeLeft UIInterfaceOrientationLandscapeRight";
				LD_RUNPATH_SEARCH_PATHS = (
					"$(inherited)",
					"@executable_path/Frameworks",
				);
				MARKETING_VERSION = 1.0;
				PRODUCT_BUNDLE_IDENTIFIER = ibozkurt.IMDBSearchApp;
				PRODUCT_NAME = "$(TARGET_NAME)";
				SWIFT_EMIT_LOC_STRINGS = YES;
				SWIFT_VERSION = 5.0;
				TARGETED_DEVICE_FAMILY = "1,2";
			};
			name = Release;
		};
		6D0604B72A5B079C00B81D38 /* Debug */ = {
			isa = XCBuildConfiguration;
			buildSettings = {
				ALWAYS_EMBED_SWIFT_STANDARD_LIBRARIES = YES;
				BUNDLE_LOADER = "$(TEST_HOST)";
				CODE_SIGN_STYLE = Automatic;
				CURRENT_PROJECT_VERSION = 1;
				GENERATE_INFOPLIST_FILE = YES;
				IPHONEOS_DEPLOYMENT_TARGET = 16.4;
				MARKETING_VERSION = 1.0;
				PRODUCT_BUNDLE_IDENTIFIER = ibozkurt.IMDBSearchAppTests;
				PRODUCT_NAME = "$(TARGET_NAME)";
				SWIFT_EMIT_LOC_STRINGS = NO;
				SWIFT_VERSION = 5.0;
				TARGETED_DEVICE_FAMILY = "1,2";
				TEST_HOST = "$(BUILT_PRODUCTS_DIR)/IMDBSearchApp.app/$(BUNDLE_EXECUTABLE_FOLDER_PATH)/IMDBSearchApp";
			};
			name = Debug;
		};
		6D0604B82A5B079C00B81D38 /* Release */ = {
			isa = XCBuildConfiguration;
			buildSettings = {
				ALWAYS_EMBED_SWIFT_STANDARD_LIBRARIES = YES;
				BUNDLE_LOADER = "$(TEST_HOST)";
				CODE_SIGN_STYLE = Automatic;
				CURRENT_PROJECT_VERSION = 1;
				GENERATE_INFOPLIST_FILE = YES;
				IPHONEOS_DEPLOYMENT_TARGET = 16.4;
				MARKETING_VERSION = 1.0;
				PRODUCT_BUNDLE_IDENTIFIER = ibozkurt.IMDBSearchAppTests;
				PRODUCT_NAME = "$(TARGET_NAME)";
				SWIFT_EMIT_LOC_STRINGS = NO;
				SWIFT_VERSION = 5.0;
				TARGETED_DEVICE_FAMILY = "1,2";
				TEST_HOST = "$(BUILT_PRODUCTS_DIR)/IMDBSearchApp.app/$(BUNDLE_EXECUTABLE_FOLDER_PATH)/IMDBSearchApp";
			};
			name = Release;
		};
		6D0604BA2A5B079C00B81D38 /* Debug */ = {
			isa = XCBuildConfiguration;
			buildSettings = {
				ALWAYS_EMBED_SWIFT_STANDARD_LIBRARIES = YES;
				CODE_SIGN_STYLE = Automatic;
				CURRENT_PROJECT_VERSION = 1;
				GENERATE_INFOPLIST_FILE = YES;
				MARKETING_VERSION = 1.0;
				PRODUCT_BUNDLE_IDENTIFIER = ibozkurt.IMDBSearchAppUITests;
				PRODUCT_NAME = "$(TARGET_NAME)";
				SWIFT_EMIT_LOC_STRINGS = NO;
				SWIFT_VERSION = 5.0;
				TARGETED_DEVICE_FAMILY = "1,2";
				TEST_TARGET_NAME = IMDBSearchApp;
			};
			name = Debug;
		};
		6D0604BB2A5B079C00B81D38 /* Release */ = {
			isa = XCBuildConfiguration;
			buildSettings = {
				ALWAYS_EMBED_SWIFT_STANDARD_LIBRARIES = YES;
				CODE_SIGN_STYLE = Automatic;
				CURRENT_PROJECT_VERSION = 1;
				GENERATE_INFOPLIST_FILE = YES;
				MARKETING_VERSION = 1.0;
				PRODUCT_BUNDLE_IDENTIFIER = ibozkurt.IMDBSearchAppUITests;
				PRODUCT_NAME = "$(TARGET_NAME)";
				SWIFT_EMIT_LOC_STRINGS = NO;
				SWIFT_VERSION = 5.0;
				TARGETED_DEVICE_FAMILY = "1,2";
				TEST_TARGET_NAME = IMDBSearchApp;
			};
			name = Release;
		};
/* End XCBuildConfiguration section */

/* Begin XCConfigurationList section */
		6D06046A2A5B076B00B81D38 /* Build configuration list for PBXProject "IMDBSearch" */ = {
			isa = XCConfigurationList;
			buildConfigurations = (
				6D0604822A5B076B00B81D38 /* Debug */,
				6D0604832A5B076B00B81D38 /* Release */,
			);
			defaultConfigurationIsVisible = 0;
			defaultConfigurationName = Release;
		};
		6D0604842A5B076B00B81D38 /* Build configuration list for PBXNativeTarget "IMDBSearch" */ = {
			isa = XCConfigurationList;
			buildConfigurations = (
				6D0604852A5B076B00B81D38 /* Debug */,
				6D0604862A5B076B00B81D38 /* Release */,
			);
			defaultConfigurationIsVisible = 0;
			defaultConfigurationName = Release;
		};
		6D0604872A5B076B00B81D38 /* Build configuration list for PBXNativeTarget "IMDBSearchTests" */ = {
			isa = XCConfigurationList;
			buildConfigurations = (
				6D0604882A5B076B00B81D38 /* Debug */,
				6D0604892A5B076B00B81D38 /* Release */,
			);
			defaultConfigurationIsVisible = 0;
			defaultConfigurationName = Release;
		};
		6D0604B32A5B079C00B81D38 /* Build configuration list for PBXNativeTarget "IMDBSearchApp" */ = {
			isa = XCConfigurationList;
			buildConfigurations = (
				6D0604B42A5B079C00B81D38 /* Debug */,
				6D0604B52A5B079C00B81D38 /* Release */,
			);
			defaultConfigurationIsVisible = 0;
			defaultConfigurationName = Release;
		};
		6D0604B62A5B079C00B81D38 /* Build configuration list for PBXNativeTarget "IMDBSearchAppTests" */ = {
			isa = XCConfigurationList;
			buildConfigurations = (
				6D0604B72A5B079C00B81D38 /* Debug */,
				6D0604B82A5B079C00B81D38 /* Release */,
			);
			defaultConfigurationIsVisible = 0;
			defaultConfigurationName = Release;
		};
		6D0604B92A5B079C00B81D38 /* Build configuration list for PBXNativeTarget "IMDBSearchAppUITests" */ = {
			isa = XCConfigurationList;
			buildConfigurations = (
				6D0604BA2A5B079C00B81D38 /* Debug */,
				6D0604BB2A5B079C00B81D38 /* Release */,
			);
			defaultConfigurationIsVisible = 0;
			defaultConfigurationName = Release;
		};
/* End XCConfigurationList section */
	};
	rootObject = 6D0604672A5B076B00B81D38 /* Project object */;
}
