// !$*UTF8*$!
{
	archiveVersion = 1;
	classes = {
	};
	objectVersion = 56;
	objects = {

/* Begin PBXBuildFile section */
		6D9D270D2A64491B0056C35F /* IMDBUI.docc in Sources */ = {isa = PBXBuildFile; fileRef = 6D9D270C2A64491B0056C35F /* IMDBUI.docc */; };
		6D9D27132A64491B0056C35F /* IMDBUI.framework in Frameworks */ = {isa = PBXBuildFile; fileRef = 6D9D27082A64491B0056C35F /* IMDBUI.framework */; };
		6D9D27182A64491B0056C35F /* IMDBUITests.swift in Sources */ = {isa = PBXBuildFile; fileRef = 6D9D27172A64491B0056C35F /* IMDBUITests.swift */; };
		6D9D27192A64491B0056C35F /* IMDBUI.h in Headers */ = {isa = PBXBuildFile; fileRef = 6D9D270B2A64491B0056C35F /* IMDBUI.h */; settings = {ATTRIBUTES = (Public, ); }; };
		6D9D27232A64495D0056C35F /* Coordinator.swift in Sources */ = {isa = PBXBuildFile; fileRef = 6D9D27222A64495D0056C35F /* Coordinator.swift */; };
		6D9D27252A644D1D0056C35F /* NavigationContext.swift in Sources */ = {isa = PBXBuildFile; fileRef = 6D9D27242A644D1D0056C35F /* NavigationContext.swift */; };
		6D9D27282A644D950056C35F /* IMDBNavigationController.swift in Sources */ = {isa = PBXBuildFile; fileRef = 6D9D27272A644D950056C35F /* IMDBNavigationController.swift */; };
/* End PBXBuildFile section */

/* Begin PBXContainerItemProxy section */
		6D9D27142A64491B0056C35F /* PBXContainerItemProxy */ = {
			isa = PBXContainerItemProxy;
			containerPortal = 6D9D26FF2A64491B0056C35F /* Project object */;
			proxyType = 1;
			remoteGlobalIDString = 6D9D27072A64491B0056C35F;
			remoteInfo = IMDBUI;
		};
/* End PBXContainerItemProxy section */

/* Begin PBXFileReference section */
		6D9D27082A64491B0056C35F /* IMDBUI.framework */ = {isa = PBXFileReference; explicitFileType = wrapper.framework; includeInIndex = 0; path = IMDBUI.framework; sourceTree = BUILT_PRODUCTS_DIR; };
		6D9D270B2A64491B0056C35F /* IMDBUI.h */ = {isa = PBXFileReference; lastKnownFileType = sourcecode.c.h; path = IMDBUI.h; sourceTree = "<group>"; };
		6D9D270C2A64491B0056C35F /* IMDBUI.docc */ = {isa = PBXFileReference; lastKnownFileType = folder.documentationcatalog; path = IMDBUI.docc; sourceTree = "<group>"; };
		6D9D27122A64491B0056C35F /* IMDBUITests.xctest */ = {isa = PBXFileReference; explicitFileType = wrapper.cfbundle; includeInIndex = 0; path = IMDBUITests.xctest; sourceTree = BUILT_PRODUCTS_DIR; };
		6D9D27172A64491B0056C35F /* IMDBUITests.swift */ = {isa = PBXFileReference; lastKnownFileType = sourcecode.swift; path = IMDBUITests.swift; sourceTree = "<group>"; };
		6D9D27222A64495D0056C35F /* Coordinator.swift */ = {isa = PBXFileReference; lastKnownFileType = sourcecode.swift; path = Coordinator.swift; sourceTree = "<group>"; };
		6D9D27242A644D1D0056C35F /* NavigationContext.swift */ = {isa = PBXFileReference; lastKnownFileType = sourcecode.swift; path = NavigationContext.swift; sourceTree = "<group>"; };
		6D9D27272A644D950056C35F /* IMDBNavigationController.swift */ = {isa = PBXFileReference; lastKnownFileType = sourcecode.swift; path = IMDBNavigationController.swift; sourceTree = "<group>"; };
/* End PBXFileReference section */

/* Begin PBXFrameworksBuildPhase section */
		6D9D27052A64491B0056C35F /* Frameworks */ = {
			isa = PBXFrameworksBuildPhase;
			buildActionMask = 2147483647;
			files = (
			);
			runOnlyForDeploymentPostprocessing = 0;
		};
		6D9D270F2A64491B0056C35F /* Frameworks */ = {
			isa = PBXFrameworksBuildPhase;
			buildActionMask = 2147483647;
			files = (
				6D9D27132A64491B0056C35F /* IMDBUI.framework in Frameworks */,
			);
			runOnlyForDeploymentPostprocessing = 0;
		};
/* End PBXFrameworksBuildPhase section */

/* Begin PBXGroup section */
		6D9D26FE2A64491B0056C35F = {
			isa = PBXGroup;
			children = (
				6D9D270A2A64491B0056C35F /* IMDBUI */,
				6D9D27162A64491B0056C35F /* IMDBUITests */,
				6D9D27092A64491B0056C35F /* Products */,
			);
			sourceTree = "<group>";
		};
		6D9D27092A64491B0056C35F /* Products */ = {
			isa = PBXGroup;
			children = (
				6D9D27082A64491B0056C35F /* IMDBUI.framework */,
				6D9D27122A64491B0056C35F /* IMDBUITests.xctest */,
			);
			name = Products;
			sourceTree = "<group>";
		};
		6D9D270A2A64491B0056C35F /* IMDBUI */ = {
			isa = PBXGroup;
			children = (
				6D9D270B2A64491B0056C35F /* IMDBUI.h */,
				6D9D270C2A64491B0056C35F /* IMDBUI.docc */,
				6D9D27222A64495D0056C35F /* Coordinator.swift */,
				6D9D27242A644D1D0056C35F /* NavigationContext.swift */,
				6D9D27272A644D950056C35F /* IMDBNavigationController.swift */,
			);
			path = IMDBUI;
			sourceTree = "<group>";
		};
		6D9D27162A64491B0056C35F /* IMDBUITests */ = {
			isa = PBXGroup;
			children = (
				6D9D27172A64491B0056C35F /* IMDBUITests.swift */,
			);
			path = IMDBUITests;
			sourceTree = "<group>";
		};
/* End PBXGroup section */

/* Begin PBXHeadersBuildPhase section */
		6D9D27032A64491B0056C35F /* Headers */ = {
			isa = PBXHeadersBuildPhase;
			buildActionMask = 2147483647;
			files = (
				6D9D27192A64491B0056C35F /* IMDBUI.h in Headers */,
			);
			runOnlyForDeploymentPostprocessing = 0;
		};
/* End PBXHeadersBuildPhase section */

/* Begin PBXNativeTarget section */
		6D9D27072A64491B0056C35F /* IMDBUI */ = {
			isa = PBXNativeTarget;
			buildConfigurationList = 6D9D271C2A64491B0056C35F /* Build configuration list for PBXNativeTarget "IMDBUI" */;
			buildPhases = (
				6D9D27032A64491B0056C35F /* Headers */,
				6D9D27042A64491B0056C35F /* Sources */,
				6D9D27052A64491B0056C35F /* Frameworks */,
				6D9D27062A64491B0056C35F /* Resources */,
			);
			buildRules = (
			);
			dependencies = (
			);
			name = IMDBUI;
			productName = IMDBUI;
			productReference = 6D9D27082A64491B0056C35F /* IMDBUI.framework */;
			productType = "com.apple.product-type.framework";
		};
		6D9D27112A64491B0056C35F /* IMDBUITests */ = {
			isa = PBXNativeTarget;
			buildConfigurationList = 6D9D271F2A64491B0056C35F /* Build configuration list for PBXNativeTarget "IMDBUITests" */;
			buildPhases = (
				6D9D270E2A64491B0056C35F /* Sources */,
				6D9D270F2A64491B0056C35F /* Frameworks */,
				6D9D27102A64491B0056C35F /* Resources */,
			);
			buildRules = (
			);
			dependencies = (
				6D9D27152A64491B0056C35F /* PBXTargetDependency */,
			);
			name = IMDBUITests;
			productName = IMDBUITests;
			productReference = 6D9D27122A64491B0056C35F /* IMDBUITests.xctest */;
			productType = "com.apple.product-type.bundle.unit-test";
		};
/* End PBXNativeTarget section */

/* Begin PBXProject section */
		6D9D26FF2A64491B0056C35F /* Project object */ = {
			isa = PBXProject;
			attributes = {
				BuildIndependentTargetsInParallel = 1;
				LastSwiftUpdateCheck = 1430;
				LastUpgradeCheck = 1430;
				TargetAttributes = {
					6D9D27072A64491B0056C35F = {
						CreatedOnToolsVersion = 14.3.1;
					};
					6D9D27112A64491B0056C35F = {
						CreatedOnToolsVersion = 14.3.1;
					};
				};
			};
			buildConfigurationList = 6D9D27022A64491B0056C35F /* Build configuration list for PBXProject "IMDBUI" */;
			compatibilityVersion = "Xcode 14.0";
			developmentRegion = en;
			hasScannedForEncodings = 0;
			knownRegions = (
				en,
				Base,
			);
			mainGroup = 6D9D26FE2A64491B0056C35F;
			productRefGroup = 6D9D27092A64491B0056C35F /* Products */;
			projectDirPath = "";
			projectRoot = "";
			targets = (
				6D9D27072A64491B0056C35F /* IMDBUI */,
				6D9D27112A64491B0056C35F /* IMDBUITests */,
			);
		};
/* End PBXProject section */

/* Begin PBXResourcesBuildPhase section */
		6D9D27062A64491B0056C35F /* Resources */ = {
			isa = PBXResourcesBuildPhase;
			buildActionMask = 2147483647;
			files = (
			);
			runOnlyForDeploymentPostprocessing = 0;
		};
		6D9D27102A64491B0056C35F /* Resources */ = {
			isa = PBXResourcesBuildPhase;
			buildActionMask = 2147483647;
			files = (
			);
			runOnlyForDeploymentPostprocessing = 0;
		};
/* End PBXResourcesBuildPhase section */

/* Begin PBXSourcesBuildPhase section */
		6D9D27042A64491B0056C35F /* Sources */ = {
			isa = PBXSourcesBuildPhase;
			buildActionMask = 2147483647;
			files = (
				6D9D27232A64495D0056C35F /* Coordinator.swift in Sources */,
				6D9D27282A644D950056C35F /* IMDBNavigationController.swift in Sources */,
				6D9D270D2A64491B0056C35F /* IMDBUI.docc in Sources */,
				6D9D27252A644D1D0056C35F /* NavigationContext.swift in Sources */,
			);
			runOnlyForDeploymentPostprocessing = 0;
		};
		6D9D270E2A64491B0056C35F /* Sources */ = {
			isa = PBXSourcesBuildPhase;
			buildActionMask = 2147483647;
			files = (
				6D9D27182A64491B0056C35F /* IMDBUITests.swift in Sources */,
			);
			runOnlyForDeploymentPostprocessing = 0;
		};
/* End PBXSourcesBuildPhase section */

/* Begin PBXTargetDependency section */
		6D9D27152A64491B0056C35F /* PBXTargetDependency */ = {
			isa = PBXTargetDependency;
			target = 6D9D27072A64491B0056C35F /* IMDBUI */;
			targetProxy = 6D9D27142A64491B0056C35F /* PBXContainerItemProxy */;
		};
/* End PBXTargetDependency section */

/* Begin XCBuildConfiguration section */
		6D9D271A2A64491B0056C35F /* Debug */ = {
			isa = XCBuildConfiguration;
			buildSettings = {
				ALWAYS_SEARCH_USER_PATHS = NO;
				CLANG_ANALYZER_NONNULL = YES;
				CLANG_ANALYZER_NUMBER_OBJECT_CONVERSION = YES_AGGRESSIVE;
				CLANG_CXX_LANGUAGE_STANDARD = "gnu++20";
				CLANG_ENABLE_MODULES = YES;
				CLANG_ENABLE_OBJC_ARC = YES;
				CLANG_ENABLE_OBJC_WEAK = YES;
				CLANG_WARN_BLOCK_CAPTURE_AUTORELEASING = YES;
				CLANG_WARN_BOOL_CONVERSION = YES;
				CLANG_WARN_COMMA = YES;
				CLANG_WARN_CONSTANT_CONVERSION = YES;
				CLANG_WARN_DEPRECATED_OBJC_IMPLEMENTATIONS = YES;
				CLANG_WARN_DIRECT_OBJC_ISA_USAGE = YES_ERROR;
				CLANG_WARN_DOCUMENTATION_COMMENTS = YES;
				CLANG_WARN_EMPTY_BODY = YES;
				CLANG_WARN_ENUM_CONVERSION = YES;
				CLANG_WARN_INFINITE_RECURSION = YES;
				CLANG_WARN_INT_CONVERSION = YES;
				CLANG_WARN_NON_LITERAL_NULL_CONVERSION = YES;
				CLANG_WARN_OBJC_IMPLICIT_RETAIN_SELF = YES;
				CLANG_WARN_OBJC_LITERAL_CONVERSION = YES;
				CLANG_WARN_OBJC_ROOT_CLASS = YES_ERROR;
				CLANG_WARN_QUOTED_INCLUDE_IN_FRAMEWORK_HEADER = YES;
				CLANG_WARN_RANGE_LOOP_ANALYSIS = YES;
				CLANG_WARN_STRICT_PROTOTYPES = YES;
				CLANG_WARN_SUSPICIOUS_MOVE = YES;
				CLANG_WARN_UNGUARDED_AVAILABILITY = YES_AGGRESSIVE;
				CLANG_WARN_UNREACHABLE_CODE = YES;
				CLANG_WARN__DUPLICATE_METHOD_MATCH = YES;
				COPY_PHASE_STRIP = NO;
				CURRENT_PROJECT_VERSION = 1;
				DEBUG_INFORMATION_FORMAT = dwarf;
				ENABLE_STRICT_OBJC_MSGSEND = YES;
				ENABLE_TESTABILITY = YES;
				GCC_C_LANGUAGE_STANDARD = gnu11;
				GCC_DYNAMIC_NO_PIC = NO;
				GCC_NO_COMMON_BLOCKS = YES;
				GCC_OPTIMIZATION_LEVEL = 0;
				GCC_PREPROCESSOR_DEFINITIONS = (
					"DEBUG=1",
					"$(inherited)",
				);
				GCC_WARN_64_TO_32_BIT_CONVERSION = YES;
				GCC_WARN_ABOUT_RETURN_TYPE = YES_ERROR;
				GCC_WARN_UNDECLARED_SELECTOR = YES;
				GCC_WARN_UNINITIALIZED_AUTOS = YES_AGGRESSIVE;
				GCC_WARN_UNUSED_FUNCTION = YES;
				GCC_WARN_UNUSED_VARIABLE = YES;
				IPHONEOS_DEPLOYMENT_TARGET = 16.4;
				MTL_ENABLE_DEBUG_INFO = INCLUDE_SOURCE;
				MTL_FAST_MATH = YES;
				ONLY_ACTIVE_ARCH = YES;
				SDKROOT = iphoneos;
				SWIFT_ACTIVE_COMPILATION_CONDITIONS = DEBUG;
				SWIFT_OPTIMIZATION_LEVEL = "-Onone";
				VERSIONING_SYSTEM = "apple-generic";
				VERSION_INFO_PREFIX = "";
			};
			name = Debug;
		};
		6D9D271B2A64491B0056C35F /* Release */ = {
			isa = XCBuildConfiguration;
			buildSettings = {
				ALWAYS_SEARCH_USER_PATHS = NO;
				CLANG_ANALYZER_NONNULL = YES;
				CLANG_ANALYZER_NUMBER_OBJECT_CONVERSION = YES_AGGRESSIVE;
				CLANG_CXX_LANGUAGE_STANDARD = "gnu++20";
				CLANG_ENABLE_MODULES = YES;
				CLANG_ENABLE_OBJC_ARC = YES;
				CLANG_ENABLE_OBJC_WEAK = YES;
				CLANG_WARN_BLOCK_CAPTURE_AUTORELEASING = YES;
				CLANG_WARN_BOOL_CONVERSION = YES;
				CLANG_WARN_COMMA = YES;
				CLANG_WARN_CONSTANT_CONVERSION = YES;
				CLANG_WARN_DEPRECATED_OBJC_IMPLEMENTATIONS = YES;
				CLANG_WARN_DIRECT_OBJC_ISA_USAGE = YES_ERROR;
				CLANG_WARN_DOCUMENTATION_COMMENTS = YES;
				CLANG_WARN_EMPTY_BODY = YES;
				CLANG_WARN_ENUM_CONVERSION = YES;
				CLANG_WARN_INFINITE_RECURSION = YES;
				CLANG_WARN_INT_CONVERSION = YES;
				CLANG_WARN_NON_LITERAL_NULL_CONVERSION = YES;
				CLANG_WARN_OBJC_IMPLICIT_RETAIN_SELF = YES;
				CLANG_WARN_OBJC_LITERAL_CONVERSION = YES;
				CLANG_WARN_OBJC_ROOT_CLASS = YES_ERROR;
				CLANG_WARN_QUOTED_INCLUDE_IN_FRAMEWORK_HEADER = YES;
				CLANG_WARN_RANGE_LOOP_ANALYSIS = YES;
				CLANG_WARN_STRICT_PROTOTYPES = YES;
				CLANG_WARN_SUSPICIOUS_MOVE = YES;
				CLANG_WARN_UNGUARDED_AVAILABILITY = YES_AGGRESSIVE;
				CLANG_WARN_UNREACHABLE_CODE = YES;
				CLANG_WARN__DUPLICATE_METHOD_MATCH = YES;
				COPY_PHASE_STRIP = NO;
				CURRENT_PROJECT_VERSION = 1;
				DEBUG_INFORMATION_FORMAT = "dwarf-with-dsym";
				ENABLE_NS_ASSERTIONS = NO;
				ENABLE_STRICT_OBJC_MSGSEND = YES;
				GCC_C_LANGUAGE_STANDARD = gnu11;
				GCC_NO_COMMON_BLOCKS = YES;
				GCC_WARN_64_TO_32_BIT_CONVERSION = YES;
				GCC_WARN_ABOUT_RETURN_TYPE = YES_ERROR;
				GCC_WARN_UNDECLARED_SELECTOR = YES;
				GCC_WARN_UNINITIALIZED_AUTOS = YES_AGGRESSIVE;
				GCC_WARN_UNUSED_FUNCTION = YES;
				GCC_WARN_UNUSED_VARIABLE = YES;
				IPHONEOS_DEPLOYMENT_TARGET = 16.4;
				MTL_ENABLE_DEBUG_INFO = NO;
				MTL_FAST_MATH = YES;
				SDKROOT = iphoneos;
				SWIFT_COMPILATION_MODE = wholemodule;
				SWIFT_OPTIMIZATION_LEVEL = "-O";
				VALIDATE_PRODUCT = YES;
				VERSIONING_SYSTEM = "apple-generic";
				VERSION_INFO_PREFIX = "";
			};
			name = Release;
		};
		6D9D271D2A64491B0056C35F /* Debug */ = {
			isa = XCBuildConfiguration;
			buildSettings = {
				CODE_SIGN_STYLE = Automatic;
				CURRENT_PROJECT_VERSION = 1;
				DEFINES_MODULE = YES;
				DYLIB_COMPATIBILITY_VERSION = 1;
				DYLIB_CURRENT_VERSION = 1;
				DYLIB_INSTALL_NAME_BASE = "@rpath";
				ENABLE_MODULE_VERIFIER = YES;
				GENERATE_INFOPLIST_FILE = YES;
				INFOPLIST_KEY_NSHumanReadableCopyright = "";
				INSTALL_PATH = "$(LOCAL_LIBRARY_DIR)/Frameworks";
				LD_RUNPATH_SEARCH_PATHS = (
					"$(inherited)",
					"@executable_path/Frameworks",
					"@loader_path/Frameworks",
				);
				MARKETING_VERSION = 1.0;
				MODULE_VERIFIER_SUPPORTED_LANGUAGES = "objective-c objective-c++";
				MODULE_VERIFIER_SUPPORTED_LANGUAGE_STANDARDS = "gnu11 gnu++20";
				PRODUCT_BUNDLE_IDENTIFIER = ibozkurt.IMDBUI;
				PRODUCT_NAME = "$(TARGET_NAME:c99extidentifier)";
				SKIP_INSTALL = YES;
				SWIFT_EMIT_LOC_STRINGS = YES;
				SWIFT_VERSION = 5.0;
				TARGETED_DEVICE_FAMILY = "1,2";
			};
			name = Debug;
		};
		6D9D271E2A64491B0056C35F /* Release */ = {
			isa = XCBuildConfiguration;
			buildSettings = {
				CODE_SIGN_STYLE = Automatic;
				CURRENT_PROJECT_VERSION = 1;
				DEFINES_MODULE = YES;
				DYLIB_COMPATIBILITY_VERSION = 1;
				DYLIB_CURRENT_VERSION = 1;
				DYLIB_INSTALL_NAME_BASE = "@rpath";
				ENABLE_MODULE_VERIFIER = YES;
				GENERATE_INFOPLIST_FILE = YES;
				INFOPLIST_KEY_NSHumanReadableCopyright = "";
				INSTALL_PATH = "$(LOCAL_LIBRARY_DIR)/Frameworks";
				LD_RUNPATH_SEARCH_PATHS = (
					"$(inherited)",
					"@executable_path/Frameworks",
					"@loader_path/Frameworks",
				);
				MARKETING_VERSION = 1.0;
				MODULE_VERIFIER_SUPPORTED_LANGUAGES = "objective-c objective-c++";
				MODULE_VERIFIER_SUPPORTED_LANGUAGE_STANDARDS = "gnu11 gnu++20";
				PRODUCT_BUNDLE_IDENTIFIER = ibozkurt.IMDBUI;
				PRODUCT_NAME = "$(TARGET_NAME:c99extidentifier)";
				SKIP_INSTALL = YES;
				SWIFT_EMIT_LOC_STRINGS = YES;
				SWIFT_VERSION = 5.0;
				TARGETED_DEVICE_FAMILY = "1,2";
			};
			name = Release;
		};
		6D9D27202A64491B0056C35F /* Debug */ = {
			isa = XCBuildConfiguration;
			buildSettings = {
				ALWAYS_EMBED_SWIFT_STANDARD_LIBRARIES = YES;
				CODE_SIGN_STYLE = Automatic;
				CURRENT_PROJECT_VERSION = 1;
				GENERATE_INFOPLIST_FILE = YES;
				MARKETING_VERSION = 1.0;
				PRODUCT_BUNDLE_IDENTIFIER = ibozkurt.IMDBUITests;
				PRODUCT_NAME = "$(TARGET_NAME)";
				SWIFT_EMIT_LOC_STRINGS = NO;
				SWIFT_VERSION = 5.0;
				TARGETED_DEVICE_FAMILY = "1,2";
			};
			name = Debug;
		};
		6D9D27212A64491B0056C35F /* Release */ = {
			isa = XCBuildConfiguration;
			buildSettings = {
				ALWAYS_EMBED_SWIFT_STANDARD_LIBRARIES = YES;
				CODE_SIGN_STYLE = Automatic;
				CURRENT_PROJECT_VERSION = 1;
				GENERATE_INFOPLIST_FILE = YES;
				MARKETING_VERSION = 1.0;
				PRODUCT_BUNDLE_IDENTIFIER = ibozkurt.IMDBUITests;
				PRODUCT_NAME = "$(TARGET_NAME)";
				SWIFT_EMIT_LOC_STRINGS = NO;
				SWIFT_VERSION = 5.0;
				TARGETED_DEVICE_FAMILY = "1,2";
			};
			name = Release;
		};
/* End XCBuildConfiguration section */

/* Begin XCConfigurationList section */
		6D9D27022A64491B0056C35F /* Build configuration list for PBXProject "IMDBUI" */ = {
			isa = XCConfigurationList;
			buildConfigurations = (
				6D9D271A2A64491B0056C35F /* Debug */,
				6D9D271B2A64491B0056C35F /* Release */,
			);
			defaultConfigurationIsVisible = 0;
			defaultConfigurationName = Release;
		};
		6D9D271C2A64491B0056C35F /* Build configuration list for PBXNativeTarget "IMDBUI" */ = {
			isa = XCConfigurationList;
			buildConfigurations = (
				6D9D271D2A64491B0056C35F /* Debug */,
				6D9D271E2A64491B0056C35F /* Release */,
			);
			defaultConfigurationIsVisible = 0;
			defaultConfigurationName = Release;
		};
		6D9D271F2A64491B0056C35F /* Build configuration list for PBXNativeTarget "IMDBUITests" */ = {
			isa = XCConfigurationList;
			buildConfigurations = (
				6D9D27202A64491B0056C35F /* Debug */,
				6D9D27212A64491B0056C35F /* Release */,
			);
			defaultConfigurationIsVisible = 0;
			defaultConfigurationName = Release;
		};
/* End XCConfigurationList section */
	};
	rootObject = 6D9D26FF2A64491B0056C35F /* Project object */;
}
