// !$*UTF8*$!
{
	archiveVersion = 1;
	classes = {
	};
	objectVersion = 56;
	objects = {

/* Begin PBXBuildFile section */
		6D0604292A5B056000B81D38 /* IMDBBaseApp.swift in Sources */ = {isa = PBXBuildFile; fileRef = 6D0604282A5B056000B81D38 /* IMDBBaseApp.swift */; };
		6D06042B2A5B056000B81D38 /* ContentView.swift in Sources */ = {isa = PBXBuildFile; fileRef = 6D06042A2A5B056000B81D38 /* ContentView.swift */; };
		6D06042D2A5B056300B81D38 /* Assets.xcassets in Resources */ = {isa = PBXBuildFile; fileRef = 6D06042C2A5B056300B81D38 /* Assets.xcassets */; };
		6D0604302A5B056300B81D38 /* Preview Assets.xcassets in Resources */ = {isa = PBXBuildFile; fileRef = 6D06042F2A5B056300B81D38 /* Preview Assets.xcassets */; };
		6D06043A2A5B056300B81D38 /* IMDBBaseTests.swift in Sources */ = {isa = PBXBuildFile; fileRef = 6D0604392A5B056300B81D38 /* IMDBBaseTests.swift */; };
		6D0604442A5B056300B81D38 /* IMDBBaseUITests.swift in Sources */ = {isa = PBXBuildFile; fileRef = 6D0604432A5B056300B81D38 /* IMDBBaseUITests.swift */; };
		6D0604462A5B056300B81D38 /* IMDBBaseUITestsLaunchTests.swift in Sources */ = {isa = PBXBuildFile; fileRef = 6D0604452A5B056300B81D38 /* IMDBBaseUITestsLaunchTests.swift */; };
		6D0604622A5B05D500B81D38 /* IMDBMovieSearch.app in Resources */ = {isa = PBXBuildFile; fileRef = 6D0604612A5B05D500B81D38 /* IMDBMovieSearch.app */; };
		6D06048B2A5B077E00B81D38 /* IMDBSearch.framework in Frameworks */ = {isa = PBXBuildFile; fileRef = 6D06048A2A5B077E00B81D38 /* IMDBSearch.framework */; };
		6D06048C2A5B077E00B81D38 /* IMDBSearch.framework in Embed Frameworks */ = {isa = PBXBuildFile; fileRef = 6D06048A2A5B077E00B81D38 /* IMDBSearch.framework */; settings = {ATTRIBUTES = (CodeSignOnCopy, RemoveHeadersOnCopy, ); }; };
/* End PBXBuildFile section */

/* Begin PBXContainerItemProxy section */
		6D0604362A5B056300B81D38 /* PBXContainerItemProxy */ = {
			isa = PBXContainerItemProxy;
			containerPortal = 6D06041D2A5B056000B81D38 /* Project object */;
			proxyType = 1;
			remoteGlobalIDString = 6D0604242A5B056000B81D38;
			remoteInfo = IMDBBase;
		};
		6D0604402A5B056300B81D38 /* PBXContainerItemProxy */ = {
			isa = PBXContainerItemProxy;
			containerPortal = 6D06041D2A5B056000B81D38 /* Project object */;
			proxyType = 1;
			remoteGlobalIDString = 6D0604242A5B056000B81D38;
			remoteInfo = IMDBBase;
		};
/* End PBXContainerItemProxy section */

/* Begin PBXCopyFilesBuildPhase section */
		6D06048D2A5B077E00B81D38 /* Embed Frameworks */ = {
			isa = PBXCopyFilesBuildPhase;
			buildActionMask = 2147483647;
			dstPath = "";
			dstSubfolderSpec = 10;
			files = (
				6D06048C2A5B077E00B81D38 /* IMDBSearch.framework in Embed Frameworks */,
			);
			name = "Embed Frameworks";
			runOnlyForDeploymentPostprocessing = 0;
		};
/* End PBXCopyFilesBuildPhase section */

/* Begin PBXFileReference section */
		6D0604252A5B056000B81D38 /* IMDBBase.app */ = {isa = PBXFileReference; explicitFileType = wrapper.application; includeInIndex = 0; path = IMDBBase.app; sourceTree = BUILT_PRODUCTS_DIR; };
		6D0604282A5B056000B81D38 /* IMDBBaseApp.swift */ = {isa = PBXFileReference; lastKnownFileType = sourcecode.swift; path = IMDBBaseApp.swift; sourceTree = "<group>"; };
		6D06042A2A5B056000B81D38 /* ContentView.swift */ = {isa = PBXFileReference; lastKnownFileType = sourcecode.swift; path = ContentView.swift; sourceTree = "<group>"; };
		6D06042C2A5B056300B81D38 /* Assets.xcassets */ = {isa = PBXFileReference; lastKnownFileType = folder.assetcatalog; path = Assets.xcassets; sourceTree = "<group>"; };
		6D06042F2A5B056300B81D38 /* Preview Assets.xcassets */ = {isa = PBXFileReference; lastKnownFileType = folder.assetcatalog; path = "Preview Assets.xcassets"; sourceTree = "<group>"; };
		6D0604352A5B056300B81D38 /* IMDBBaseTests.xctest */ = {isa = PBXFileReference; explicitFileType = wrapper.cfbundle; includeInIndex = 0; path = IMDBBaseTests.xctest; sourceTree = BUILT_PRODUCTS_DIR; };
		6D0604392A5B056300B81D38 /* IMDBBaseTests.swift */ = {isa = PBXFileReference; lastKnownFileType = sourcecode.swift; path = IMDBBaseTests.swift; sourceTree = "<group>"; };
		6D06043F2A5B056300B81D38 /* IMDBBaseUITests.xctest */ = {isa = PBXFileReference; explicitFileType = wrapper.cfbundle; includeInIndex = 0; path = IMDBBaseUITests.xctest; sourceTree = BUILT_PRODUCTS_DIR; };
		6D0604432A5B056300B81D38 /* IMDBBaseUITests.swift */ = {isa = PBXFileReference; lastKnownFileType = sourcecode.swift; path = IMDBBaseUITests.swift; sourceTree = "<group>"; };
		6D0604452A5B056300B81D38 /* IMDBBaseUITestsLaunchTests.swift */ = {isa = PBXFileReference; lastKnownFileType = sourcecode.swift; path = IMDBBaseUITestsLaunchTests.swift; sourceTree = "<group>"; };
		6D06045F2A5B05BB00B81D38 /* IMDBMovieSearch.app */ = {isa = PBXFileReference; explicitFileType = wrapper.application; path = IMDBMovieSearch.app; sourceTree = BUILT_PRODUCTS_DIR; };
		6D0604612A5B05D500B81D38 /* IMDBMovieSearch.app */ = {isa = PBXFileReference; explicitFileType = wrapper.application; path = IMDBMovieSearch.app; sourceTree = BUILT_PRODUCTS_DIR; };
		6D0604632A5B069100B81D38 /* IMDBMovieSearch.app */ = {isa = PBXFileReference; explicitFileType = wrapper.application; path = IMDBMovieSearch.app; sourceTree = BUILT_PRODUCTS_DIR; };
		6D0604652A5B069500B81D38 /* Info.plist */ = {isa = PBXFileReference; lastKnownFileType = text.plist; path = Info.plist; sourceTree = "<group>"; };
		6D06048A2A5B077E00B81D38 /* IMDBSearch.framework */ = {isa = PBXFileReference; explicitFileType = wrapper.framework; path = IMDBSearch.framework; sourceTree = BUILT_PRODUCTS_DIR; };
/* End PBXFileReference section */

/* Begin PBXFrameworksBuildPhase section */
		6D0604222A5B056000B81D38 /* Frameworks */ = {
			isa = PBXFrameworksBuildPhase;
			buildActionMask = 2147483647;
			files = (
				6D06048B2A5B077E00B81D38 /* IMDBSearch.framework in Frameworks */,
			);
			runOnlyForDeploymentPostprocessing = 0;
		};
		6D0604322A5B056300B81D38 /* Frameworks */ = {
			isa = PBXFrameworksBuildPhase;
			buildActionMask = 2147483647;
			files = (
			);
			runOnlyForDeploymentPostprocessing = 0;
		};
		6D06043C2A5B056300B81D38 /* Frameworks */ = {
			isa = PBXFrameworksBuildPhase;
			buildActionMask = 2147483647;
			files = (
			);
			runOnlyForDeploymentPostprocessing = 0;
		};
/* End PBXFrameworksBuildPhase section */

/* Begin PBXGroup section */
		6D06041C2A5B056000B81D38 = {
			isa = PBXGroup;
			children = (
				6D0604272A5B056000B81D38 /* IMDBBase */,
				6D0604382A5B056300B81D38 /* IMDBBaseTests */,
				6D0604422A5B056300B81D38 /* IMDBBaseUITests */,
				6D0604262A5B056000B81D38 /* Products */,
				6D06045E2A5B05BB00B81D38 /* Frameworks */,
			);
			sourceTree = "<group>";
		};
		6D0604262A5B056000B81D38 /* Products */ = {
			isa = PBXGroup;
			children = (
				6D0604252A5B056000B81D38 /* IMDBBase.app */,
				6D0604352A5B056300B81D38 /* IMDBBaseTests.xctest */,
				6D06043F2A5B056300B81D38 /* IMDBBaseUITests.xctest */,
			);
			name = Products;
			sourceTree = "<group>";
		};
		6D0604272A5B056000B81D38 /* IMDBBase */ = {
			isa = PBXGroup;
			children = (
				6D0604652A5B069500B81D38 /* Info.plist */,
				6D0604282A5B056000B81D38 /* IMDBBaseApp.swift */,
				6D06042A2A5B056000B81D38 /* ContentView.swift */,
				6D06042C2A5B056300B81D38 /* Assets.xcassets */,
				6D06042E2A5B056300B81D38 /* Preview Content */,
			);
			path = IMDBBase;
			sourceTree = "<group>";
		};
		6D06042E2A5B056300B81D38 /* Preview Content */ = {
			isa = PBXGroup;
			children = (
				6D06042F2A5B056300B81D38 /* Preview Assets.xcassets */,
			);
			path = "Preview Content";
			sourceTree = "<group>";
		};
		6D0604382A5B056300B81D38 /* IMDBBaseTests */ = {
			isa = PBXGroup;
			children = (
				6D0604392A5B056300B81D38 /* IMDBBaseTests.swift */,
			);
			path = IMDBBaseTests;
			sourceTree = "<group>";
		};
		6D0604422A5B056300B81D38 /* IMDBBaseUITests */ = {
			isa = PBXGroup;
			children = (
				6D0604432A5B056300B81D38 /* IMDBBaseUITests.swift */,
				6D0604452A5B056300B81D38 /* IMDBBaseUITestsLaunchTests.swift */,
			);
			path = IMDBBaseUITests;
			sourceTree = "<group>";
		};
		6D06045E2A5B05BB00B81D38 /* Frameworks */ = {
			isa = PBXGroup;
			children = (
				6D06048A2A5B077E00B81D38 /* IMDBSearch.framework */,
				6D0604632A5B069100B81D38 /* IMDBMovieSearch.app */,
				6D0604612A5B05D500B81D38 /* IMDBMovieSearch.app */,
				6D06045F2A5B05BB00B81D38 /* IMDBMovieSearch.app */,
			);
			name = Frameworks;
			sourceTree = "<group>";
		};
/* End PBXGroup section */

/* Begin PBXNativeTarget section */
		6D0604242A5B056000B81D38 /* IMDBBase */ = {
			isa = PBXNativeTarget;
			buildConfigurationList = 6D0604492A5B056300B81D38 /* Build configuration list for PBXNativeTarget "IMDBBase" */;
			buildPhases = (
				6D0604212A5B056000B81D38 /* Sources */,
				6D0604222A5B056000B81D38 /* Frameworks */,
				6D0604232A5B056000B81D38 /* Resources */,
				6D06048D2A5B077E00B81D38 /* Embed Frameworks */,
			);
			buildRules = (
			);
			dependencies = (
			);
			name = IMDBBase;
			productName = IMDBBase;
			productReference = 6D0604252A5B056000B81D38 /* IMDBBase.app */;
			productType = "com.apple.product-type.application";
		};
		6D0604342A5B056300B81D38 /* IMDBBaseTests */ = {
			isa = PBXNativeTarget;
			buildConfigurationList = 6D06044C2A5B056300B81D38 /* Build configuration list for PBXNativeTarget "IMDBBaseTests" */;
			buildPhases = (
				6D0604312A5B056300B81D38 /* Sources */,
				6D0604322A5B056300B81D38 /* Frameworks */,
				6D0604332A5B056300B81D38 /* Resources */,
			);
			buildRules = (
			);
			dependencies = (
				6D0604372A5B056300B81D38 /* PBXTargetDependency */,
			);
			name = IMDBBaseTests;
			productName = IMDBBaseTests;
			productReference = 6D0604352A5B056300B81D38 /* IMDBBaseTests.xctest */;
			productType = "com.apple.product-type.bundle.unit-test";
		};
		6D06043E2A5B056300B81D38 /* IMDBBaseUITests */ = {
			isa = PBXNativeTarget;
			buildConfigurationList = 6D06044F2A5B056300B81D38 /* Build configuration list for PBXNativeTarget "IMDBBaseUITests" */;
			buildPhases = (
				6D06043B2A5B056300B81D38 /* Sources */,
				6D06043C2A5B056300B81D38 /* Frameworks */,
				6D06043D2A5B056300B81D38 /* Resources */,
			);
			buildRules = (
			);
			dependencies = (
				6D0604412A5B056300B81D38 /* PBXTargetDependency */,
			);
			name = IMDBBaseUITests;
			productName = IMDBBaseUITests;
			productReference = 6D06043F2A5B056300B81D38 /* IMDBBaseUITests.xctest */;
			productType = "com.apple.product-type.bundle.ui-testing";
		};
/* End PBXNativeTarget section */

/* Begin PBXProject section */
		6D06041D2A5B056000B81D38 /* Project object */ = {
			isa = PBXProject;
			attributes = {
				BuildIndependentTargetsInParallel = 1;
				LastSwiftUpdateCheck = 1430;
				LastUpgradeCheck = 1430;
				TargetAttributes = {
					6D0604242A5B056000B81D38 = {
						CreatedOnToolsVersion = 14.3.1;
					};
					6D0604342A5B056300B81D38 = {
						CreatedOnToolsVersion = 14.3.1;
						TestTargetID = 6D0604242A5B056000B81D38;
					};
					6D06043E2A5B056300B81D38 = {
						CreatedOnToolsVersion = 14.3.1;
						TestTargetID = 6D0604242A5B056000B81D38;
					};
				};
			};
			buildConfigurationList = 6D0604202A5B056000B81D38 /* Build configuration list for PBXProject "IMDBBase" */;
			compatibilityVersion = "Xcode 14.0";
			developmentRegion = en;
			hasScannedForEncodings = 0;
			knownRegions = (
				en,
				Base,
			);
			mainGroup = 6D06041C2A5B056000B81D38;
			productRefGroup = 6D0604262A5B056000B81D38 /* Products */;
			projectDirPath = "";
			projectRoot = "";
			targets = (
				6D0604242A5B056000B81D38 /* IMDBBase */,
				6D0604342A5B056300B81D38 /* IMDBBaseTests */,
				6D06043E2A5B056300B81D38 /* IMDBBaseUITests */,
			);
		};
/* End PBXProject section */

/* Begin PBXResourcesBuildPhase section */
		6D0604232A5B056000B81D38 /* Resources */ = {
			isa = PBXResourcesBuildPhase;
			buildActionMask = 2147483647;
			files = (
				6D0604622A5B05D500B81D38 /* IMDBMovieSearch.app in Resources */,
				6D0604302A5B056300B81D38 /* Preview Assets.xcassets in Resources */,
				6D06042D2A5B056300B81D38 /* Assets.xcassets in Resources */,
			);
			runOnlyForDeploymentPostprocessing = 0;
		};
		6D0604332A5B056300B81D38 /* Resources */ = {
			isa = PBXResourcesBuildPhase;
			buildActionMask = 2147483647;
			files = (
			);
			runOnlyForDeploymentPostprocessing = 0;
		};
		6D06043D2A5B056300B81D38 /* Resources */ = {
			isa = PBXResourcesBuildPhase;
			buildActionMask = 2147483647;
			files = (
			);
			runOnlyForDeploymentPostprocessing = 0;
		};
/* End PBXResourcesBuildPhase section */

/* Begin PBXSourcesBuildPhase section */
		6D0604212A5B056000B81D38 /* Sources */ = {
			isa = PBXSourcesBuildPhase;
			buildActionMask = 2147483647;
			files = (
				6D06042B2A5B056000B81D38 /* ContentView.swift in Sources */,
				6D0604292A5B056000B81D38 /* IMDBBaseApp.swift in Sources */,
			);
			runOnlyForDeploymentPostprocessing = 0;
		};
		6D0604312A5B056300B81D38 /* Sources */ = {
			isa = PBXSourcesBuildPhase;
			buildActionMask = 2147483647;
			files = (
				6D06043A2A5B056300B81D38 /* IMDBBaseTests.swift in Sources */,
			);
			runOnlyForDeploymentPostprocessing = 0;
		};
		6D06043B2A5B056300B81D38 /* Sources */ = {
			isa = PBXSourcesBuildPhase;
			buildActionMask = 2147483647;
			files = (
				6D0604462A5B056300B81D38 /* IMDBBaseUITestsLaunchTests.swift in Sources */,
				6D0604442A5B056300B81D38 /* IMDBBaseUITests.swift in Sources */,
			);
			runOnlyForDeploymentPostprocessing = 0;
		};
/* End PBXSourcesBuildPhase section */

/* Begin PBXTargetDependency section */
		6D0604372A5B056300B81D38 /* PBXTargetDependency */ = {
			isa = PBXTargetDependency;
			target = 6D0604242A5B056000B81D38 /* IMDBBase */;
			targetProxy = 6D0604362A5B056300B81D38 /* PBXContainerItemProxy */;
		};
		6D0604412A5B056300B81D38 /* PBXTargetDependency */ = {
			isa = PBXTargetDependency;
			target = 6D0604242A5B056000B81D38 /* IMDBBase */;
			targetProxy = 6D0604402A5B056300B81D38 /* PBXContainerItemProxy */;
		};
/* End PBXTargetDependency section */

/* Begin XCBuildConfiguration section */
		6D0604472A5B056300B81D38 /* Debug */ = {
			isa = XCBuildConfiguration;
			buildSettings = {
				ALWAYS_SEARCH_USER_PATHS = NO;
				CLANG_ANALYZER_NONNULL = YES;
				CLANG_ANALYZER_NUMBER_OBJECT_CONVERSION = YES_AGGRESSIVE;
				CLANG_CXX_LANGUAGE_STANDARD = "gnu++20";
				CLANG_ENABLE_MODULES = YES;
				CLANG_ENABLE_OBJC_ARC = YES;
				CLANG_ENABLE_OBJC_WEAK = YES;
				CLANG_WARN_BLOCK_CAPTURE_AUTORELEASING = YES;
				CLANG_WARN_BOOL_CONVERSION = YES;
				CLANG_WARN_COMMA = YES;
				CLANG_WARN_CONSTANT_CONVERSION = YES;
				CLANG_WARN_DEPRECATED_OBJC_IMPLEMENTATIONS = YES;
				CLANG_WARN_DIRECT_OBJC_ISA_USAGE = YES_ERROR;
				CLANG_WARN_DOCUMENTATION_COMMENTS = YES;
				CLANG_WARN_EMPTY_BODY = YES;
				CLANG_WARN_ENUM_CONVERSION = YES;
				CLANG_WARN_INFINITE_RECURSION = YES;
				CLANG_WARN_INT_CONVERSION = YES;
				CLANG_WARN_NON_LITERAL_NULL_CONVERSION = YES;
				CLANG_WARN_OBJC_IMPLICIT_RETAIN_SELF = YES;
				CLANG_WARN_OBJC_LITERAL_CONVERSION = YES;
				CLANG_WARN_OBJC_ROOT_CLASS = YES_ERROR;
				CLANG_WARN_QUOTED_INCLUDE_IN_FRAMEWORK_HEADER = YES;
				CLANG_WARN_RANGE_LOOP_ANALYSIS = YES;
				CLANG_WARN_STRICT_PROTOTYPES = YES;
				CLANG_WARN_SUSPICIOUS_MOVE = YES;
				CLANG_WARN_UNGUARDED_AVAILABILITY = YES_AGGRESSIVE;
				CLANG_WARN_UNREACHABLE_CODE = YES;
				CLANG_WARN__DUPLICATE_METHOD_MATCH = YES;
				COPY_PHASE_STRIP = NO;
				DEBUG_INFORMATION_FORMAT = dwarf;
				ENABLE_STRICT_OBJC_MSGSEND = YES;
				ENABLE_TESTABILITY = YES;
				GCC_C_LANGUAGE_STANDARD = gnu11;
				GCC_DYNAMIC_NO_PIC = NO;
				GCC_NO_COMMON_BLOCKS = YES;
				GCC_OPTIMIZATION_LEVEL = 0;
				GCC_PREPROCESSOR_DEFINITIONS = (
					"DEBUG=1",
					"$(inherited)",
				);
				GCC_WARN_64_TO_32_BIT_CONVERSION = YES;
				GCC_WARN_ABOUT_RETURN_TYPE = YES_ERROR;
				GCC_WARN_UNDECLARED_SELECTOR = YES;
				GCC_WARN_UNINITIALIZED_AUTOS = YES_AGGRESSIVE;
				GCC_WARN_UNUSED_FUNCTION = YES;
				GCC_WARN_UNUSED_VARIABLE = YES;
				IPHONEOS_DEPLOYMENT_TARGET = 16.4;
				MTL_ENABLE_DEBUG_INFO = INCLUDE_SOURCE;
				MTL_FAST_MATH = YES;
				ONLY_ACTIVE_ARCH = YES;
				SDKROOT = iphoneos;
				SWIFT_ACTIVE_COMPILATION_CONDITIONS = DEBUG;
				SWIFT_OPTIMIZATION_LEVEL = "-Onone";
			};
			name = Debug;
		};
		6D0604482A5B056300B81D38 /* Release */ = {
			isa = XCBuildConfiguration;
			buildSettings = {
				ALWAYS_SEARCH_USER_PATHS = NO;
				CLANG_ANALYZER_NONNULL = YES;
				CLANG_ANALYZER_NUMBER_OBJECT_CONVERSION = YES_AGGRESSIVE;
				CLANG_CXX_LANGUAGE_STANDARD = "gnu++20";
				CLANG_ENABLE_MODULES = YES;
				CLANG_ENABLE_OBJC_ARC = YES;
				CLANG_ENABLE_OBJC_WEAK = YES;
				CLANG_WARN_BLOCK_CAPTURE_AUTORELEASING = YES;
				CLANG_WARN_BOOL_CONVERSION = YES;
				CLANG_WARN_COMMA = YES;
				CLANG_WARN_CONSTANT_CONVERSION = YES;
				CLANG_WARN_DEPRECATED_OBJC_IMPLEMENTATIONS = YES;
				CLANG_WARN_DIRECT_OBJC_ISA_USAGE = YES_ERROR;
				CLANG_WARN_DOCUMENTATION_COMMENTS = YES;
				CLANG_WARN_EMPTY_BODY = YES;
				CLANG_WARN_ENUM_CONVERSION = YES;
				CLANG_WARN_INFINITE_RECURSION = YES;
				CLANG_WARN_INT_CONVERSION = YES;
				CLANG_WARN_NON_LITERAL_NULL_CONVERSION = YES;
				CLANG_WARN_OBJC_IMPLICIT_RETAIN_SELF = YES;
				CLANG_WARN_OBJC_LITERAL_CONVERSION = YES;
				CLANG_WARN_OBJC_ROOT_CLASS = YES_ERROR;
				CLANG_WARN_QUOTED_INCLUDE_IN_FRAMEWORK_HEADER = YES;
				CLANG_WARN_RANGE_LOOP_ANALYSIS = YES;
				CLANG_WARN_STRICT_PROTOTYPES = YES;
				CLANG_WARN_SUSPICIOUS_MOVE = YES;
				CLANG_WARN_UNGUARDED_AVAILABILITY = YES_AGGRESSIVE;
				CLANG_WARN_UNREACHABLE_CODE = YES;
				CLANG_WARN__DUPLICATE_METHOD_MATCH = YES;
				COPY_PHASE_STRIP = NO;
				DEBUG_INFORMATION_FORMAT = "dwarf-with-dsym";
				ENABLE_NS_ASSERTIONS = NO;
				ENABLE_STRICT_OBJC_MSGSEND = YES;
				GCC_C_LANGUAGE_STANDARD = gnu11;
				GCC_NO_COMMON_BLOCKS = YES;
				GCC_WARN_64_TO_32_BIT_CONVERSION = YES;
				GCC_WARN_ABOUT_RETURN_TYPE = YES_ERROR;
				GCC_WARN_UNDECLARED_SELECTOR = YES;
				GCC_WARN_UNINITIALIZED_AUTOS = YES_AGGRESSIVE;
				GCC_WARN_UNUSED_FUNCTION = YES;
				GCC_WARN_UNUSED_VARIABLE = YES;
				IPHONEOS_DEPLOYMENT_TARGET = 16.4;
				MTL_ENABLE_DEBUG_INFO = NO;
				MTL_FAST_MATH = YES;
				SDKROOT = iphoneos;
				SWIFT_COMPILATION_MODE = wholemodule;
				SWIFT_OPTIMIZATION_LEVEL = "-O";
				VALIDATE_PRODUCT = YES;
			};
			name = Release;
		};
		6D06044A2A5B056300B81D38 /* Debug */ = {
			isa = XCBuildConfiguration;
			buildSettings = {
				ASSETCATALOG_COMPILER_APPICON_NAME = AppIcon;
				ASSETCATALOG_COMPILER_GLOBAL_ACCENT_COLOR_NAME = AccentColor;
				CODE_SIGN_STYLE = Automatic;
				CURRENT_PROJECT_VERSION = 1;
				DEVELOPMENT_ASSET_PATHS = "\"IMDBBase/Preview Content\"";
				ENABLE_PREVIEWS = YES;
				GENERATE_INFOPLIST_FILE = YES;
				INFOPLIST_FILE = IMDBBase/Info.plist;
				INFOPLIST_KEY_UIApplicationSceneManifest_Generation = YES;
				INFOPLIST_KEY_UIApplicationSupportsIndirectInputEvents = YES;
				INFOPLIST_KEY_UILaunchScreen_Generation = YES;
				INFOPLIST_KEY_UISupportedInterfaceOrientations_iPad = "UIInterfaceOrientationPortrait UIInterfaceOrientationPortraitUpsideDown UIInterfaceOrientationLandscapeLeft UIInterfaceOrientationLandscapeRight";
				INFOPLIST_KEY_UISupportedInterfaceOrientations_iPhone = "UIInterfaceOrientationPortrait UIInterfaceOrientationLandscapeLeft UIInterfaceOrientationLandscapeRight";
				LD_RUNPATH_SEARCH_PATHS = (
					"$(inherited)",
					"@executable_path/Frameworks",
				);
				MARKETING_VERSION = 1.0;
				PRODUCT_BUNDLE_IDENTIFIER = ibozkurt.IMDBBase;
				PRODUCT_NAME = "$(TARGET_NAME)";
				SWIFT_EMIT_LOC_STRINGS = YES;
				SWIFT_VERSION = 5.0;
				TARGETED_DEVICE_FAMILY = "1,2";
			};
			name = Debug;
		};
		6D06044B2A5B056300B81D38 /* Release */ = {
			isa = XCBuildConfiguration;
			buildSettings = {
				ASSETCATALOG_COMPILER_APPICON_NAME = AppIcon;
				ASSETCATALOG_COMPILER_GLOBAL_ACCENT_COLOR_NAME = AccentColor;
				CODE_SIGN_STYLE = Automatic;
				CURRENT_PROJECT_VERSION = 1;
				DEVELOPMENT_ASSET_PATHS = "\"IMDBBase/Preview Content\"";
				ENABLE_PREVIEWS = YES;
				GENERATE_INFOPLIST_FILE = YES;
				INFOPLIST_FILE = IMDBBase/Info.plist;
				INFOPLIST_KEY_UIApplicationSceneManifest_Generation = YES;
				INFOPLIST_KEY_UIApplicationSupportsIndirectInputEvents = YES;
				INFOPLIST_KEY_UILaunchScreen_Generation = YES;
				INFOPLIST_KEY_UISupportedInterfaceOrientations_iPad = "UIInterfaceOrientationPortrait UIInterfaceOrientationPortraitUpsideDown UIInterfaceOrientationLandscapeLeft UIInterfaceOrientationLandscapeRight";
				INFOPLIST_KEY_UISupportedInterfaceOrientations_iPhone = "UIInterfaceOrientationPortrait UIInterfaceOrientationLandscapeLeft UIInterfaceOrientationLandscapeRight";
				LD_RUNPATH_SEARCH_PATHS = (
					"$(inherited)",
					"@executable_path/Frameworks",
				);
				MARKETING_VERSION = 1.0;
				PRODUCT_BUNDLE_IDENTIFIER = ibozkurt.IMDBBase;
				PRODUCT_NAME = "$(TARGET_NAME)";
				SWIFT_EMIT_LOC_STRINGS = YES;
				SWIFT_VERSION = 5.0;
				TARGETED_DEVICE_FAMILY = "1,2";
			};
			name = Release;
		};
		6D06044D2A5B056300B81D38 /* Debug */ = {
			isa = XCBuildConfiguration;
			buildSettings = {
				ALWAYS_EMBED_SWIFT_STANDARD_LIBRARIES = YES;
				BUNDLE_LOADER = "$(TEST_HOST)";
				CODE_SIGN_STYLE = Automatic;
				CURRENT_PROJECT_VERSION = 1;
				GENERATE_INFOPLIST_FILE = YES;
				IPHONEOS_DEPLOYMENT_TARGET = 16.4;
				MARKETING_VERSION = 1.0;
				PRODUCT_BUNDLE_IDENTIFIER = ibozkurt.IMDBBaseTests;
				PRODUCT_NAME = "$(TARGET_NAME)";
				SWIFT_EMIT_LOC_STRINGS = NO;
				SWIFT_VERSION = 5.0;
				TARGETED_DEVICE_FAMILY = "1,2";
				TEST_HOST = "$(BUILT_PRODUCTS_DIR)/IMDBBase.app/$(BUNDLE_EXECUTABLE_FOLDER_PATH)/IMDBBase";
			};
			name = Debug;
		};
		6D06044E2A5B056300B81D38 /* Release */ = {
			isa = XCBuildConfiguration;
			buildSettings = {
				ALWAYS_EMBED_SWIFT_STANDARD_LIBRARIES = YES;
				BUNDLE_LOADER = "$(TEST_HOST)";
				CODE_SIGN_STYLE = Automatic;
				CURRENT_PROJECT_VERSION = 1;
				GENERATE_INFOPLIST_FILE = YES;
				IPHONEOS_DEPLOYMENT_TARGET = 16.4;
				MARKETING_VERSION = 1.0;
				PRODUCT_BUNDLE_IDENTIFIER = ibozkurt.IMDBBaseTests;
				PRODUCT_NAME = "$(TARGET_NAME)";
				SWIFT_EMIT_LOC_STRINGS = NO;
				SWIFT_VERSION = 5.0;
				TARGETED_DEVICE_FAMILY = "1,2";
				TEST_HOST = "$(BUILT_PRODUCTS_DIR)/IMDBBase.app/$(BUNDLE_EXECUTABLE_FOLDER_PATH)/IMDBBase";
			};
			name = Release;
		};
		6D0604502A5B056300B81D38 /* Debug */ = {
			isa = XCBuildConfiguration;
			buildSettings = {
				ALWAYS_EMBED_SWIFT_STANDARD_LIBRARIES = YES;
				CODE_SIGN_STYLE = Automatic;
				CURRENT_PROJECT_VERSION = 1;
				GENERATE_INFOPLIST_FILE = YES;
				MARKETING_VERSION = 1.0;
				PRODUCT_BUNDLE_IDENTIFIER = ibozkurt.IMDBBaseUITests;
				PRODUCT_NAME = "$(TARGET_NAME)";
				SWIFT_EMIT_LOC_STRINGS = NO;
				SWIFT_VERSION = 5.0;
				TARGETED_DEVICE_FAMILY = "1,2";
				TEST_TARGET_NAME = IMDBBase;
			};
			name = Debug;
		};
		6D0604512A5B056300B81D38 /* Release */ = {
			isa = XCBuildConfiguration;
			buildSettings = {
				ALWAYS_EMBED_SWIFT_STANDARD_LIBRARIES = YES;
				CODE_SIGN_STYLE = Automatic;
				CURRENT_PROJECT_VERSION = 1;
				GENERATE_INFOPLIST_FILE = YES;
				MARKETING_VERSION = 1.0;
				PRODUCT_BUNDLE_IDENTIFIER = ibozkurt.IMDBBaseUITests;
				PRODUCT_NAME = "$(TARGET_NAME)";
				SWIFT_EMIT_LOC_STRINGS = NO;
				SWIFT_VERSION = 5.0;
				TARGETED_DEVICE_FAMILY = "1,2";
				TEST_TARGET_NAME = IMDBBase;
			};
			name = Release;
		};
/* End XCBuildConfiguration section */

/* Begin XCConfigurationList section */
		6D0604202A5B056000B81D38 /* Build configuration list for PBXProject "IMDBBase" */ = {
			isa = XCConfigurationList;
			buildConfigurations = (
				6D0604472A5B056300B81D38 /* Debug */,
				6D0604482A5B056300B81D38 /* Release */,
			);
			defaultConfigurationIsVisible = 0;
			defaultConfigurationName = Release;
		};
		6D0604492A5B056300B81D38 /* Build configuration list for PBXNativeTarget "IMDBBase" */ = {
			isa = XCConfigurationList;
			buildConfigurations = (
				6D06044A2A5B056300B81D38 /* Debug */,
				6D06044B2A5B056300B81D38 /* Release */,
			);
			defaultConfigurationIsVisible = 0;
			defaultConfigurationName = Release;
		};
		6D06044C2A5B056300B81D38 /* Build configuration list for PBXNativeTarget "IMDBBaseTests" */ = {
			isa = XCConfigurationList;
			buildConfigurations = (
				6D06044D2A5B056300B81D38 /* Debug */,
				6D06044E2A5B056300B81D38 /* Release */,
			);
			defaultConfigurationIsVisible = 0;
			defaultConfigurationName = Release;
		};
		6D06044F2A5B056300B81D38 /* Build configuration list for PBXNativeTarget "IMDBBaseUITests" */ = {
			isa = XCConfigurationList;
			buildConfigurations = (
				6D0604502A5B056300B81D38 /* Debug */,
				6D0604512A5B056300B81D38 /* Release */,
			);
			defaultConfigurationIsVisible = 0;
			defaultConfigurationName = Release;
		};
/* End XCConfigurationList section */
	};
	rootObject = 6D06041D2A5B056000B81D38 /* Project object */;
}
